// !$*UTF8*$!
{
	archiveVersion = 1;
	classes = {
	};
	objectVersion = 46;
	objects = {

/* Begin PBXBuildFile section */
		BA3498801AD06A51001BDBB8 /* Home.png in Resources */ = {isa = PBXBuildFile; fileRef = BA3498721AD06A51001BDBB8 /* Home.png */; };
		BA3498811AD06A51001BDBB8 /* House Black.png in Resources */ = {isa = PBXBuildFile; fileRef = BA3498731AD06A51001BDBB8 /* House Black.png */; };
		BA3498821AD06A51001BDBB8 /* House White.png in Resources */ = {isa = PBXBuildFile; fileRef = BA3498741AD06A51001BDBB8 /* House White.png */; };
		BA3498831AD06A51001BDBB8 /* Info.png in Resources */ = {isa = PBXBuildFile; fileRef = BA3498751AD06A51001BDBB8 /* Info.png */; };
		BA3498841AD06A51001BDBB8 /* Instructions Icon.png in Resources */ = {isa = PBXBuildFile; fileRef = BA3498761AD06A51001BDBB8 /* Instructions Icon.png */; };
		BA3498851AD06A51001BDBB8 /* Left.png in Resources */ = {isa = PBXBuildFile; fileRef = BA3498771AD06A51001BDBB8 /* Left.png */; };
		BA3498861AD06A51001BDBB8 /* Market.png in Resources */ = {isa = PBXBuildFile; fileRef = BA3498781AD06A51001BDBB8 /* Market.png */; };
		BA3498871AD06A51001BDBB8 /* Menu.png in Resources */ = {isa = PBXBuildFile; fileRef = BA3498791AD06A51001BDBB8 /* Menu.png */; };
		BA3498881AD06A51001BDBB8 /* Right.png in Resources */ = {isa = PBXBuildFile; fileRef = BA34987A1AD06A51001BDBB8 /* Right.png */; };
		BA3498891AD06A51001BDBB8 /* Single player.png in Resources */ = {isa = PBXBuildFile; fileRef = BA34987B1AD06A51001BDBB8 /* Single player.png */; };
		BA34988A1AD06A51001BDBB8 /* Stats.png in Resources */ = {isa = PBXBuildFile; fileRef = BA34987C1AD06A51001BDBB8 /* Stats.png */; };
		BA34988B1AD06A51001BDBB8 /* Trophy.png in Resources */ = {isa = PBXBuildFile; fileRef = BA34987D1AD06A51001BDBB8 /* Trophy.png */; };
		BA56B8AE1AD0FBCF0023F1C5 /* UITestViewController.m in Sources */ = {isa = PBXBuildFile; fileRef = BA56B8AD1AD0FBCF0023F1C5 /* UITestViewController.m */; };
		BA56B8B01AD109D40023F1C5 /* GameModesSC.png in Resources */ = {isa = PBXBuildFile; fileRef = BA56B8AF1AD109D40023F1C5 /* GameModesSC.png */; };
		BA56B8B21AD1643B0023F1C5 /* PlayButton.png in Resources */ = {isa = PBXBuildFile; fileRef = BA56B8B11AD1643B0023F1C5 /* PlayButton.png */; };
		BA56B8B51AD177380023F1C5 /* MultiPlayer.png in Resources */ = {isa = PBXBuildFile; fileRef = BA56B8B31AD177370023F1C5 /* MultiPlayer.png */; };
		BA56B8B61AD177380023F1C5 /* SinglePlayer.png in Resources */ = {isa = PBXBuildFile; fileRef = BA56B8B41AD177370023F1C5 /* SinglePlayer.png */; };
		BABCE5191AD03E21005A9B54 /* CoreImage.framework in Frameworks */ = {isa = PBXBuildFile; fileRef = BABCE5171AD03E21005A9B54 /* CoreImage.framework */; };
		BABCE51A1AD03E21005A9B54 /* QuartzCore.framework in Frameworks */ = {isa = PBXBuildFile; fileRef = BABCE5181AD03E21005A9B54 /* QuartzCore.framework */; };
		BADEFFBB1AD0F9210071EAA1 /* BG.png in Resources */ = {isa = PBXBuildFile; fileRef = BADEFFB51AD0F9210071EAA1 /* BG.png */; };
		BADEFFBC1AD0F9210071EAA1 /* BottomBar.png in Resources */ = {isa = PBXBuildFile; fileRef = BADEFFB61AD0F9210071EAA1 /* BottomBar.png */; };
		BADEFFBD1AD0F9210071EAA1 /* GameModes.png in Resources */ = {isa = PBXBuildFile; fileRef = BADEFFB71AD0F9210071EAA1 /* GameModes.png */; };
		BADEFFBE1AD0F9210071EAA1 /* NavBar.png in Resources */ = {isa = PBXBuildFile; fileRef = BADEFFB81AD0F9210071EAA1 /* NavBar.png */; };
		BADEFFBF1AD0F9210071EAA1 /* Settings.png in Resources */ = {isa = PBXBuildFile; fileRef = BADEFFB91AD0F9210071EAA1 /* Settings.png */; };
		BADEFFC01AD0F9210071EAA1 /* Volume.png in Resources */ = {isa = PBXBuildFile; fileRef = BADEFFBA1AD0F9210071EAA1 /* Volume.png */; };
		CC610BB01AD0D54F00A9F8EE /* MainEngine.m in Sources */ = {isa = PBXBuildFile; fileRef = CC610BAF1AD0D54F00A9F8EE /* MainEngine.m */; };
		CC77B23C1AD0779F00BABE6B /* Dictionary.txt in Resources */ = {isa = PBXBuildFile; fileRef = CC77B23B1AD0779F00BABE6B /* Dictionary.txt */; };
		CC77B23F1AD077F800BABE6B /* SinglePlayerFreePlayViewController.m in Sources */ = {isa = PBXBuildFile; fileRef = CC77B23E1AD077F800BABE6B /* SinglePlayerFreePlayViewController.m */; };
		CCA90BD61ACC3AF0006E93B3 /* main.m in Sources */ = {isa = PBXBuildFile; fileRef = CCA90BD51ACC3AF0006E93B3 /* main.m */; };
		CCA90BD91ACC3AF0006E93B3 /* AppDelegate.m in Sources */ = {isa = PBXBuildFile; fileRef = CCA90BD81ACC3AF0006E93B3 /* AppDelegate.m */; };
		CCA90BDC1ACC3AF0006E93B3 /* TheWordGame.xcdatamodeld in Sources */ = {isa = PBXBuildFile; fileRef = CCA90BDA1ACC3AF0006E93B3 /* TheWordGame.xcdatamodeld */; };
		CCA90BE21ACC3AF0006E93B3 /* Main.storyboard in Resources */ = {isa = PBXBuildFile; fileRef = CCA90BE01ACC3AF0006E93B3 /* Main.storyboard */; };
		CCA90BE41ACC3AF0006E93B3 /* Images.xcassets in Resources */ = {isa = PBXBuildFile; fileRef = CCA90BE31ACC3AF0006E93B3 /* Images.xcassets */; };
		CCA90BF31ACC3AF0006E93B3 /* TheWordGameTests.m in Sources */ = {isa = PBXBuildFile; fileRef = CCA90BF21ACC3AF0006E93B3 /* TheWordGameTests.m */; };
/* End PBXBuildFile section */

/* Begin PBXContainerItemProxy section */
		CCA90BED1ACC3AF0006E93B3 /* PBXContainerItemProxy */ = {
			isa = PBXContainerItemProxy;
			containerPortal = CCA90BC81ACC3AF0006E93B3 /* Project object */;
			proxyType = 1;
			remoteGlobalIDString = CCA90BCF1ACC3AF0006E93B3;
			remoteInfo = TheWordGame;
		};
/* End PBXContainerItemProxy section */

/* Begin PBXFileReference section */
		BA3498721AD06A51001BDBB8 /* Home.png */ = {isa = PBXFileReference; lastKnownFileType = image.png; name = Home.png; path = Images/Home.png; sourceTree = SOURCE_ROOT; };
		BA3498731AD06A51001BDBB8 /* House Black.png */ = {isa = PBXFileReference; lastKnownFileType = image.png; name = "House Black.png"; path = "Images/House Black.png"; sourceTree = SOURCE_ROOT; };
		BA3498741AD06A51001BDBB8 /* House White.png */ = {isa = PBXFileReference; lastKnownFileType = image.png; name = "House White.png"; path = "Images/House White.png"; sourceTree = SOURCE_ROOT; };
		BA3498751AD06A51001BDBB8 /* Info.png */ = {isa = PBXFileReference; lastKnownFileType = image.png; name = Info.png; path = Images/Info.png; sourceTree = SOURCE_ROOT; };
		BA3498761AD06A51001BDBB8 /* Instructions Icon.png */ = {isa = PBXFileReference; lastKnownFileType = image.png; name = "Instructions Icon.png"; path = "Images/Instructions Icon.png"; sourceTree = SOURCE_ROOT; };
		BA3498771AD06A51001BDBB8 /* Left.png */ = {isa = PBXFileReference; lastKnownFileType = image.png; name = Left.png; path = Images/Left.png; sourceTree = SOURCE_ROOT; };
		BA3498781AD06A51001BDBB8 /* Market.png */ = {isa = PBXFileReference; lastKnownFileType = image.png; name = Market.png; path = Images/Market.png; sourceTree = SOURCE_ROOT; };
		BA3498791AD06A51001BDBB8 /* Menu.png */ = {isa = PBXFileReference; lastKnownFileType = image.png; name = Menu.png; path = Images/Menu.png; sourceTree = SOURCE_ROOT; };
		BA34987A1AD06A51001BDBB8 /* Right.png */ = {isa = PBXFileReference; lastKnownFileType = image.png; name = Right.png; path = Images/Right.png; sourceTree = SOURCE_ROOT; };
		BA34987B1AD06A51001BDBB8 /* Single player.png */ = {isa = PBXFileReference; lastKnownFileType = image.png; name = "Single player.png"; path = "Images/Single player.png"; sourceTree = SOURCE_ROOT; };
		BA34987C1AD06A51001BDBB8 /* Stats.png */ = {isa = PBXFileReference; lastKnownFileType = image.png; name = Stats.png; path = Images/Stats.png; sourceTree = SOURCE_ROOT; };
		BA34987D1AD06A51001BDBB8 /* Trophy.png */ = {isa = PBXFileReference; lastKnownFileType = image.png; name = Trophy.png; path = Images/Trophy.png; sourceTree = SOURCE_ROOT; };
		BA56B8AC1AD0FBCF0023F1C5 /* UITestViewController.h */ = {isa = PBXFileReference; fileEncoding = 4; lastKnownFileType = sourcecode.c.h; path = UITestViewController.h; sourceTree = "<group>"; };
		BA56B8AD1AD0FBCF0023F1C5 /* UITestViewController.m */ = {isa = PBXFileReference; fileEncoding = 4; lastKnownFileType = sourcecode.c.objc; path = UITestViewController.m; sourceTree = "<group>"; };
		BA56B8AF1AD109D40023F1C5 /* GameModesSC.png */ = {isa = PBXFileReference; lastKnownFileType = image.png; name = GameModesSC.png; path = "Images/New UI/GameModesSC.png"; sourceTree = SOURCE_ROOT; };
		BA56B8B11AD1643B0023F1C5 /* PlayButton.png */ = {isa = PBXFileReference; lastKnownFileType = image.png; name = PlayButton.png; path = "Images/New UI/PlayButton.png"; sourceTree = SOURCE_ROOT; };
		BA56B8B31AD177370023F1C5 /* MultiPlayer.png */ = {isa = PBXFileReference; lastKnownFileType = image.png; name = MultiPlayer.png; path = "Images/New UI/MultiPlayer.png"; sourceTree = SOURCE_ROOT; };
		BA56B8B41AD177370023F1C5 /* SinglePlayer.png */ = {isa = PBXFileReference; lastKnownFileType = image.png; name = SinglePlayer.png; path = "Images/New UI/SinglePlayer.png"; sourceTree = SOURCE_ROOT; };
		BABCE5141AD03D9F005A9B54 /* TheWordGame-Bridging-Header.h */ = {isa = PBXFileReference; lastKnownFileType = sourcecode.c.h; path = "TheWordGame-Bridging-Header.h"; sourceTree = "<group>"; };
		BABCE5171AD03E21005A9B54 /* CoreImage.framework */ = {isa = PBXFileReference; lastKnownFileType = wrapper.framework; name = CoreImage.framework; path = System/Library/Frameworks/CoreImage.framework; sourceTree = SDKROOT; };
		BABCE5181AD03E21005A9B54 /* QuartzCore.framework */ = {isa = PBXFileReference; lastKnownFileType = wrapper.framework; name = QuartzCore.framework; path = System/Library/Frameworks/QuartzCore.framework; sourceTree = SDKROOT; };
		BADEFFB51AD0F9210071EAA1 /* BG.png */ = {isa = PBXFileReference; lastKnownFileType = image.png; name = BG.png; path = "Images/New UI/BG.png"; sourceTree = SOURCE_ROOT; };
		BADEFFB61AD0F9210071EAA1 /* BottomBar.png */ = {isa = PBXFileReference; lastKnownFileType = image.png; name = BottomBar.png; path = "Images/New UI/BottomBar.png"; sourceTree = SOURCE_ROOT; };
		BADEFFB71AD0F9210071EAA1 /* GameModes.png */ = {isa = PBXFileReference; lastKnownFileType = image.png; name = GameModes.png; path = "Images/New UI/GameModes.png"; sourceTree = SOURCE_ROOT; };
		BADEFFB81AD0F9210071EAA1 /* NavBar.png */ = {isa = PBXFileReference; lastKnownFileType = image.png; name = NavBar.png; path = "Images/New UI/NavBar.png"; sourceTree = SOURCE_ROOT; };
		BADEFFB91AD0F9210071EAA1 /* Settings.png */ = {isa = PBXFileReference; lastKnownFileType = image.png; name = Settings.png; path = "Images/New UI/Settings.png"; sourceTree = SOURCE_ROOT; };
		BADEFFBA1AD0F9210071EAA1 /* Volume.png */ = {isa = PBXFileReference; lastKnownFileType = image.png; name = Volume.png; path = "Images/New UI/Volume.png"; sourceTree = SOURCE_ROOT; };
		CC610BAF1AD0D54F00A9F8EE /* MainEngine.m */ = {isa = PBXFileReference; fileEncoding = 4; lastKnownFileType = sourcecode.c.objc; path = MainEngine.m; sourceTree = "<group>"; };
		CC77B23B1AD0779F00BABE6B /* Dictionary.txt */ = {isa = PBXFileReference; fileEncoding = 4; lastKnownFileType = text; path = Dictionary.txt; sourceTree = "<group>"; };
		CC77B23D1AD077F800BABE6B /* SinglePlayerFreePlayViewController.h */ = {isa = PBXFileReference; fileEncoding = 4; lastKnownFileType = sourcecode.c.h; path = SinglePlayerFreePlayViewController.h; sourceTree = "<group>"; };
		CC77B23E1AD077F800BABE6B /* SinglePlayerFreePlayViewController.m */ = {isa = PBXFileReference; fileEncoding = 4; lastKnownFileType = sourcecode.c.objc; path = SinglePlayerFreePlayViewController.m; sourceTree = "<group>"; };
		CCA90BD01ACC3AF0006E93B3 /* TheWordGame.app */ = {isa = PBXFileReference; explicitFileType = wrapper.application; includeInIndex = 0; path = TheWordGame.app; sourceTree = BUILT_PRODUCTS_DIR; };
		CCA90BD41ACC3AF0006E93B3 /* Info.plist */ = {isa = PBXFileReference; lastKnownFileType = text.plist.xml; path = Info.plist; sourceTree = "<group>"; };
		CCA90BD51ACC3AF0006E93B3 /* main.m */ = {isa = PBXFileReference; lastKnownFileType = sourcecode.c.objc; path = main.m; sourceTree = "<group>"; };
		CCA90BD71ACC3AF0006E93B3 /* AppDelegate.h */ = {isa = PBXFileReference; lastKnownFileType = sourcecode.c.h; path = AppDelegate.h; sourceTree = "<group>"; };
		CCA90BD81ACC3AF0006E93B3 /* AppDelegate.m */ = {isa = PBXFileReference; lastKnownFileType = sourcecode.c.objc; path = AppDelegate.m; sourceTree = "<group>"; };
		CCA90BDB1ACC3AF0006E93B3 /* TheWordGame.xcdatamodel */ = {isa = PBXFileReference; lastKnownFileType = wrapper.xcdatamodel; path = TheWordGame.xcdatamodel; sourceTree = "<group>"; };
		CCA90BE11ACC3AF0006E93B3 /* Base */ = {isa = PBXFileReference; lastKnownFileType = file.storyboard; name = Base; path = Base.lproj/Main.storyboard; sourceTree = "<group>"; };
		CCA90BE31ACC3AF0006E93B3 /* Images.xcassets */ = {isa = PBXFileReference; lastKnownFileType = folder.assetcatalog; path = Images.xcassets; sourceTree = "<group>"; };
		CCA90BEC1ACC3AF0006E93B3 /* TheWordGameTests.xctest */ = {isa = PBXFileReference; explicitFileType = wrapper.cfbundle; includeInIndex = 0; path = TheWordGameTests.xctest; sourceTree = BUILT_PRODUCTS_DIR; };
		CCA90BF11ACC3AF0006E93B3 /* Info.plist */ = {isa = PBXFileReference; lastKnownFileType = text.plist.xml; path = Info.plist; sourceTree = "<group>"; };
		CCA90BF21ACC3AF0006E93B3 /* TheWordGameTests.m */ = {isa = PBXFileReference; lastKnownFileType = sourcecode.c.objc; path = TheWordGameTests.m; sourceTree = "<group>"; };
/* End PBXFileReference section */

/* Begin PBXFrameworksBuildPhase section */
		CCA90BCD1ACC3AF0006E93B3 /* Frameworks */ = {
			isa = PBXFrameworksBuildPhase;
			buildActionMask = 2147483647;
			files = (
				BABCE5191AD03E21005A9B54 /* CoreImage.framework in Frameworks */,
				BABCE51A1AD03E21005A9B54 /* QuartzCore.framework in Frameworks */,
			);
			runOnlyForDeploymentPostprocessing = 0;
		};
		CCA90BE91ACC3AF0006E93B3 /* Frameworks */ = {
			isa = PBXFrameworksBuildPhase;
			buildActionMask = 2147483647;
			files = (
			);
			runOnlyForDeploymentPostprocessing = 0;
		};
/* End PBXFrameworksBuildPhase section */

/* Begin PBXGroup section */
		CC03E9E71AD069C50068B980 /* Images */ = {
			isa = PBXGroup;
			children = (
				BA56B8B31AD177370023F1C5 /* MultiPlayer.png */,
				BA56B8B41AD177370023F1C5 /* SinglePlayer.png */,
				BA56B8B11AD1643B0023F1C5 /* PlayButton.png */,
				BA56B8AF1AD109D40023F1C5 /* GameModesSC.png */,
				BADEFFB51AD0F9210071EAA1 /* BG.png */,
				BADEFFB61AD0F9210071EAA1 /* BottomBar.png */,
				BADEFFB71AD0F9210071EAA1 /* GameModes.png */,
				BADEFFB81AD0F9210071EAA1 /* NavBar.png */,
				BADEFFB91AD0F9210071EAA1 /* Settings.png */,
				BADEFFBA1AD0F9210071EAA1 /* Volume.png */,
				BA3498721AD06A51001BDBB8 /* Home.png */,
				BA3498731AD06A51001BDBB8 /* House Black.png */,
				BA3498741AD06A51001BDBB8 /* House White.png */,
				BA3498751AD06A51001BDBB8 /* Info.png */,
				BA3498761AD06A51001BDBB8 /* Instructions Icon.png */,
				BA3498771AD06A51001BDBB8 /* Left.png */,
				BA3498781AD06A51001BDBB8 /* Market.png */,
				BA3498791AD06A51001BDBB8 /* Menu.png */,
				BA34987A1AD06A51001BDBB8 /* Right.png */,
				BA34987B1AD06A51001BDBB8 /* Single player.png */,
				BA34987C1AD06A51001BDBB8 /* Stats.png */,
				BA34987D1AD06A51001BDBB8 /* Trophy.png */,
			);
			name = Images;
			sourceTree = "<group>";
		};
		CCA90BC71ACC3AF0006E93B3 = {
			isa = PBXGroup;
			children = (
				BABCE5171AD03E21005A9B54 /* CoreImage.framework */,
				BABCE5181AD03E21005A9B54 /* QuartzCore.framework */,
				CCA90BD21ACC3AF0006E93B3 /* TheWordGame */,
				CCA90BEF1ACC3AF0006E93B3 /* TheWordGameTests */,
				CCA90BD11ACC3AF0006E93B3 /* Products */,
			);
			sourceTree = "<group>";
		};
		CCA90BD11ACC3AF0006E93B3 /* Products */ = {
			isa = PBXGroup;
			children = (
				CCA90BD01ACC3AF0006E93B3 /* TheWordGame.app */,
				CCA90BEC1ACC3AF0006E93B3 /* TheWordGameTests.xctest */,
			);
			name = Products;
			sourceTree = "<group>";
		};
		CCA90BD21ACC3AF0006E93B3 /* TheWordGame */ = {
			isa = PBXGroup;
			children = (
				CC77B23B1AD0779F00BABE6B /* Dictionary.txt */,
				CC03E9E71AD069C50068B980 /* Images */,
				CCA90BD71ACC3AF0006E93B3 /* AppDelegate.h */,
				CCA90BD81ACC3AF0006E93B3 /* AppDelegate.m */,
				CCA90BE01ACC3AF0006E93B3 /* Main.storyboard */,
				CCA90BE31ACC3AF0006E93B3 /* Images.xcassets */,
				CCA90BDA1ACC3AF0006E93B3 /* TheWordGame.xcdatamodeld */,
				CCA90BD31ACC3AF0006E93B3 /* Supporting Files */,
				BABCE5141AD03D9F005A9B54 /* TheWordGame-Bridging-Header.h */,
				CC77B23D1AD077F800BABE6B /* SinglePlayerFreePlayViewController.h */,
				CC77B23E1AD077F800BABE6B /* SinglePlayerFreePlayViewController.m */,
				CC610BAF1AD0D54F00A9F8EE /* MainEngine.m */,
				BA56B8AC1AD0FBCF0023F1C5 /* UITestViewController.h */,
				BA56B8AD1AD0FBCF0023F1C5 /* UITestViewController.m */,
			);
			path = TheWordGame;
			sourceTree = "<group>";
		};
		CCA90BD31ACC3AF0006E93B3 /* Supporting Files */ = {
			isa = PBXGroup;
			children = (
				CCA90BD41ACC3AF0006E93B3 /* Info.plist */,
				CCA90BD51ACC3AF0006E93B3 /* main.m */,
			);
			name = "Supporting Files";
			sourceTree = "<group>";
		};
		CCA90BEF1ACC3AF0006E93B3 /* TheWordGameTests */ = {
			isa = PBXGroup;
			children = (
				CCA90BF21ACC3AF0006E93B3 /* TheWordGameTests.m */,
				CCA90BF01ACC3AF0006E93B3 /* Supporting Files */,
			);
			path = TheWordGameTests;
			sourceTree = "<group>";
		};
		CCA90BF01ACC3AF0006E93B3 /* Supporting Files */ = {
			isa = PBXGroup;
			children = (
				CCA90BF11ACC3AF0006E93B3 /* Info.plist */,
			);
			name = "Supporting Files";
			sourceTree = "<group>";
		};
/* End PBXGroup section */

/* Begin PBXNativeTarget section */
		CCA90BCF1ACC3AF0006E93B3 /* TheWordGame */ = {
			isa = PBXNativeTarget;
			buildConfigurationList = CCA90BF61ACC3AF0006E93B3 /* Build configuration list for PBXNativeTarget "TheWordGame" */;
			buildPhases = (
				CCA90BCC1ACC3AF0006E93B3 /* Sources */,
				CCA90BCD1ACC3AF0006E93B3 /* Frameworks */,
				CCA90BCE1ACC3AF0006E93B3 /* Resources */,
			);
			buildRules = (
			);
			dependencies = (
			);
			name = TheWordGame;
			productName = TheWordGame;
			productReference = CCA90BD01ACC3AF0006E93B3 /* TheWordGame.app */;
			productType = "com.apple.product-type.application";
		};
		CCA90BEB1ACC3AF0006E93B3 /* TheWordGameTests */ = {
			isa = PBXNativeTarget;
			buildConfigurationList = CCA90BF91ACC3AF0006E93B3 /* Build configuration list for PBXNativeTarget "TheWordGameTests" */;
			buildPhases = (
				CCA90BE81ACC3AF0006E93B3 /* Sources */,
				CCA90BE91ACC3AF0006E93B3 /* Frameworks */,
				CCA90BEA1ACC3AF0006E93B3 /* Resources */,
			);
			buildRules = (
			);
			dependencies = (
				CCA90BEE1ACC3AF0006E93B3 /* PBXTargetDependency */,
			);
			name = TheWordGameTests;
			productName = TheWordGameTests;
			productReference = CCA90BEC1ACC3AF0006E93B3 /* TheWordGameTests.xctest */;
			productType = "com.apple.product-type.bundle.unit-test";
		};
/* End PBXNativeTarget section */

/* Begin PBXProject section */
		CCA90BC81ACC3AF0006E93B3 /* Project object */ = {
			isa = PBXProject;
			attributes = {
				LastUpgradeCheck = 0620;
				ORGANIZATIONNAME = "Daniel McCrystal";
				TargetAttributes = {
					CCA90BCF1ACC3AF0006E93B3 = {
						CreatedOnToolsVersion = 6.2;
					};
					CCA90BEB1ACC3AF0006E93B3 = {
						CreatedOnToolsVersion = 6.2;
						TestTargetID = CCA90BCF1ACC3AF0006E93B3;
					};
				};
			};
			buildConfigurationList = CCA90BCB1ACC3AF0006E93B3 /* Build configuration list for PBXProject "TheWordGame" */;
			compatibilityVersion = "Xcode 3.2";
			developmentRegion = English;
			hasScannedForEncodings = 0;
			knownRegions = (
				en,
				Base,
			);
			mainGroup = CCA90BC71ACC3AF0006E93B3;
			productRefGroup = CCA90BD11ACC3AF0006E93B3 /* Products */;
			projectDirPath = "";
			projectRoot = "";
			targets = (
				CCA90BCF1ACC3AF0006E93B3 /* TheWordGame */,
				CCA90BEB1ACC3AF0006E93B3 /* TheWordGameTests */,
			);
		};
/* End PBXProject section */

/* Begin PBXResourcesBuildPhase section */
		CCA90BCE1ACC3AF0006E93B3 /* Resources */ = {
			isa = PBXResourcesBuildPhase;
			buildActionMask = 2147483647;
			files = (
				BA3498871AD06A51001BDBB8 /* Menu.png in Resources */,
				CCA90BE21ACC3AF0006E93B3 /* Main.storyboard in Resources */,
				BA56B8B51AD177380023F1C5 /* MultiPlayer.png in Resources */,
				BADEFFBD1AD0F9210071EAA1 /* GameModes.png in Resources */,
				BA3498811AD06A51001BDBB8 /* House Black.png in Resources */,
				BA56B8B21AD1643B0023F1C5 /* PlayButton.png in Resources */,
				BADEFFBF1AD0F9210071EAA1 /* Settings.png in Resources */,
				BA34988B1AD06A51001BDBB8 /* Trophy.png in Resources */,
				BA3498851AD06A51001BDBB8 /* Left.png in Resources */,
				BA3498821AD06A51001BDBB8 /* House White.png in Resources */,
				BA3498801AD06A51001BDBB8 /* Home.png in Resources */,
				BA56B8B01AD109D40023F1C5 /* GameModesSC.png in Resources */,
				CC77B23C1AD0779F00BABE6B /* Dictionary.txt in Resources */,
				BA3498881AD06A51001BDBB8 /* Right.png in Resources */,
				BA56B8B61AD177380023F1C5 /* SinglePlayer.png in Resources */,
				BADEFFBC1AD0F9210071EAA1 /* BottomBar.png in Resources */,
				BA3498861AD06A51001BDBB8 /* Market.png in Resources */,
				BADEFFBE1AD0F9210071EAA1 /* NavBar.png in Resources */,
				CCA90BE41ACC3AF0006E93B3 /* Images.xcassets in Resources */,
				BADEFFC01AD0F9210071EAA1 /* Volume.png in Resources */,
				BA34988A1AD06A51001BDBB8 /* Stats.png in Resources */,
				BADEFFBB1AD0F9210071EAA1 /* BG.png in Resources */,
				BA3498891AD06A51001BDBB8 /* Single player.png in Resources */,
				BA3498831AD06A51001BDBB8 /* Info.png in Resources */,
				BA3498841AD06A51001BDBB8 /* Instructions Icon.png in Resources */,
			);
			runOnlyForDeploymentPostprocessing = 0;
		};
		CCA90BEA1ACC3AF0006E93B3 /* Resources */ = {
			isa = PBXResourcesBuildPhase;
			buildActionMask = 2147483647;
			files = (
			);
			runOnlyForDeploymentPostprocessing = 0;
		};
/* End PBXResourcesBuildPhase section */

/* Begin PBXSourcesBuildPhase section */
		CCA90BCC1ACC3AF0006E93B3 /* Sources */ = {
			isa = PBXSourcesBuildPhase;
			buildActionMask = 2147483647;
			files = (
				CCA90BD91ACC3AF0006E93B3 /* AppDelegate.m in Sources */,
				CC610BB01AD0D54F00A9F8EE /* MainEngine.m in Sources */,
				CCA90BDC1ACC3AF0006E93B3 /* TheWordGame.xcdatamodeld in Sources */,
				CC77B23F1AD077F800BABE6B /* SinglePlayerFreePlayViewController.m in Sources */,
				BA56B8AE1AD0FBCF0023F1C5 /* UITestViewController.m in Sources */,
				CCA90BD61ACC3AF0006E93B3 /* main.m in Sources */,
			);
			runOnlyForDeploymentPostprocessing = 0;
		};
		CCA90BE81ACC3AF0006E93B3 /* Sources */ = {
			isa = PBXSourcesBuildPhase;
			buildActionMask = 2147483647;
			files = (
				CCA90BF31ACC3AF0006E93B3 /* TheWordGameTests.m in Sources */,
			);
			runOnlyForDeploymentPostprocessing = 0;
		};
/* End PBXSourcesBuildPhase section */

/* Begin PBXTargetDependency section */
		CCA90BEE1ACC3AF0006E93B3 /* PBXTargetDependency */ = {
			isa = PBXTargetDependency;
			target = CCA90BCF1ACC3AF0006E93B3 /* TheWordGame */;
			targetProxy = CCA90BED1ACC3AF0006E93B3 /* PBXContainerItemProxy */;
		};
/* End PBXTargetDependency section */

/* Begin PBXVariantGroup section */
		CCA90BE01ACC3AF0006E93B3 /* Main.storyboard */ = {
			isa = PBXVariantGroup;
			children = (
				CCA90BE11ACC3AF0006E93B3 /* Base */,
			);
			name = Main.storyboard;
			sourceTree = "<group>";
		};
/* End PBXVariantGroup section */

/* Begin XCBuildConfiguration section */
		CCA90BF41ACC3AF0006E93B3 /* Debug */ = {
			isa = XCBuildConfiguration;
			buildSettings = {
				ALWAYS_SEARCH_USER_PATHS = NO;
				CLANG_CXX_LANGUAGE_STANDARD = "gnu++0x";
				CLANG_CXX_LIBRARY = "libc++";
				CLANG_ENABLE_MODULES = YES;
				CLANG_ENABLE_OBJC_ARC = YES;
				CLANG_WARN_BOOL_CONVERSION = YES;
				CLANG_WARN_CONSTANT_CONVERSION = YES;
				CLANG_WARN_DIRECT_OBJC_ISA_USAGE = YES_ERROR;
				CLANG_WARN_EMPTY_BODY = YES;
				CLANG_WARN_ENUM_CONVERSION = YES;
				CLANG_WARN_INT_CONVERSION = YES;
				CLANG_WARN_OBJC_ROOT_CLASS = YES_ERROR;
				CLANG_WARN_UNREACHABLE_CODE = YES;
				CLANG_WARN__DUPLICATE_METHOD_MATCH = YES;
				CODE_SIGN_IDENTITY = "-";
				"CODE_SIGN_IDENTITY[sdk=iphoneos*]" = "-";
				COPY_PHASE_STRIP = NO;
				ENABLE_STRICT_OBJC_MSGSEND = YES;
				GCC_C_LANGUAGE_STANDARD = gnu99;
				GCC_DYNAMIC_NO_PIC = NO;
				GCC_OPTIMIZATION_LEVEL = 0;
				GCC_PREPROCESSOR_DEFINITIONS = (
					"DEBUG=1",
					"$(inherited)",
				);
				GCC_SYMBOLS_PRIVATE_EXTERN = NO;
				GCC_WARN_64_TO_32_BIT_CONVERSION = YES;
				GCC_WARN_ABOUT_RETURN_TYPE = YES_ERROR;
				GCC_WARN_UNDECLARED_SELECTOR = YES;
				GCC_WARN_UNINITIALIZED_AUTOS = YES_AGGRESSIVE;
				GCC_WARN_UNUSED_FUNCTION = YES;
				GCC_WARN_UNUSED_VARIABLE = YES;
				IPHONEOS_DEPLOYMENT_TARGET = 8.2;
				MTL_ENABLE_DEBUG_INFO = YES;
				ONLY_ACTIVE_ARCH = YES;
				SDKROOT = iphoneos;
			};
			name = Debug;
		};
		CCA90BF51ACC3AF0006E93B3 /* Release */ = {
			isa = XCBuildConfiguration;
			buildSettings = {
				ALWAYS_SEARCH_USER_PATHS = NO;
				CLANG_CXX_LANGUAGE_STANDARD = "gnu++0x";
				CLANG_CXX_LIBRARY = "libc++";
				CLANG_ENABLE_MODULES = YES;
				CLANG_ENABLE_OBJC_ARC = YES;
				CLANG_WARN_BOOL_CONVERSION = YES;
				CLANG_WARN_CONSTANT_CONVERSION = YES;
				CLANG_WARN_DIRECT_OBJC_ISA_USAGE = YES_ERROR;
				CLANG_WARN_EMPTY_BODY = YES;
				CLANG_WARN_ENUM_CONVERSION = YES;
				CLANG_WARN_INT_CONVERSION = YES;
				CLANG_WARN_OBJC_ROOT_CLASS = YES_ERROR;
				CLANG_WARN_UNREACHABLE_CODE = YES;
				CLANG_WARN__DUPLICATE_METHOD_MATCH = YES;
				CODE_SIGN_IDENTITY = "-";
				"CODE_SIGN_IDENTITY[sdk=iphoneos*]" = "-";
				COPY_PHASE_STRIP = NO;
				ENABLE_NS_ASSERTIONS = NO;
				ENABLE_STRICT_OBJC_MSGSEND = YES;
				GCC_C_LANGUAGE_STANDARD = gnu99;
				GCC_WARN_64_TO_32_BIT_CONVERSION = YES;
				GCC_WARN_ABOUT_RETURN_TYPE = YES_ERROR;
				GCC_WARN_UNDECLARED_SELECTOR = YES;
				GCC_WARN_UNINITIALIZED_AUTOS = YES_AGGRESSIVE;
				GCC_WARN_UNUSED_FUNCTION = YES;
				GCC_WARN_UNUSED_VARIABLE = YES;
				IPHONEOS_DEPLOYMENT_TARGET = 8.2;
				MTL_ENABLE_DEBUG_INFO = NO;
				ONLY_ACTIVE_ARCH = YES;
				SDKROOT = iphoneos;
				VALIDATE_PRODUCT = YES;
			};
			name = Release;
		};
		CCA90BF71ACC3AF0006E93B3 /* Debug */ = {
			isa = XCBuildConfiguration;
			buildSettings = {
				ASSETCATALOG_COMPILER_APPICON_NAME = AppIcon;
				ASSETCATALOG_COMPILER_LAUNCHIMAGE_NAME = LaunchImage;
				CLANG_ENABLE_MODULES = YES;
				CODE_SIGN_IDENTITY = "iPhone Developer";
				"CODE_SIGN_IDENTITY[sdk=iphoneos*]" = "-";
				INFOPLIST_FILE = TheWordGame/Info.plist;
				IPHONEOS_DEPLOYMENT_TARGET = 8.1;
				LD_RUNPATH_SEARCH_PATHS = "$(inherited) @executable_path/Frameworks";
				PRODUCT_NAME = "$(TARGET_NAME)";
				SWIFT_OBJC_BRIDGING_HEADER = "TheWordGame/TheWordGame-Bridging-Header.h";
				SWIFT_OPTIMIZATION_LEVEL = "-Onone";
			};
			name = Debug;
		};
		CCA90BF81ACC3AF0006E93B3 /* Release */ = {
			isa = XCBuildConfiguration;
			buildSettings = {
				ASSETCATALOG_COMPILER_APPICON_NAME = AppIcon;
				ASSETCATALOG_COMPILER_LAUNCHIMAGE_NAME = LaunchImage;
				CLANG_ENABLE_MODULES = YES;
				CODE_SIGN_IDENTITY = "iPhone Developer";
				INFOPLIST_FILE = TheWordGame/Info.plist;
				IPHONEOS_DEPLOYMENT_TARGET = 8.1;
				LD_RUNPATH_SEARCH_PATHS = "$(inherited) @executable_path/Frameworks";
				PRODUCT_NAME = "$(TARGET_NAME)";
				SWIFT_OBJC_BRIDGING_HEADER = "TheWordGame/TheWordGame-Bridging-Header.h";
			};
			name = Release;
		};
		CCA90BFA1ACC3AF0006E93B3 /* Debug */ = {
			isa = XCBuildConfiguration;
			buildSettings = {
				BUNDLE_LOADER = "$(TEST_HOST)";
				FRAMEWORK_SEARCH_PATHS = (
					"$(SDKROOT)/Developer/Library/Frameworks",
					"$(inherited)",
				);
				GCC_PREPROCESSOR_DEFINITIONS = (
					"DEBUG=1",
					"$(inherited)",
				);
				INFOPLIST_FILE = TheWordGameTests/Info.plist;
				LD_RUNPATH_SEARCH_PATHS = "$(inherited) @executable_path/Frameworks @loader_path/Frameworks";
				PRODUCT_NAME = "$(TARGET_NAME)";
				TEST_HOST = "$(BUILT_PRODUCTS_DIR)/TheWordGame.app/TheWordGame";
			};
			name = Debug;
		};
		CCA90BFB1ACC3AF0006E93B3 /* Release */ = {
			isa = XCBuildConfiguration;
			buildSettings = {
				BUNDLE_LOADER = "$(TEST_HOST)";
				FRAMEWORK_SEARCH_PATHS = (
					"$(SDKROOT)/Developer/Library/Frameworks",
					"$(inherited)",
				);
				INFOPLIST_FILE = TheWordGameTests/Info.plist;
				LD_RUNPATH_SEARCH_PATHS = "$(inherited) @executable_path/Frameworks @loader_path/Frameworks";
				PRODUCT_NAME = "$(TARGET_NAME)";
				TEST_HOST = "$(BUILT_PRODUCTS_DIR)/TheWordGame.app/TheWordGame";
			};
			name = Release;
		};
/* End XCBuildConfiguration section */

/* Begin XCConfigurationList section */
		CCA90BCB1ACC3AF0006E93B3 /* Build configuration list for PBXProject "TheWordGame" */ = {
			isa = XCConfigurationList;
			buildConfigurations = (
				CCA90BF41ACC3AF0006E93B3 /* Debug */,
				CCA90BF51ACC3AF0006E93B3 /* Release */,
			);
			defaultConfigurationIsVisible = 0;
			defaultConfigurationName = Release;
		};
		CCA90BF61ACC3AF0006E93B3 /* Build configuration list for PBXNativeTarget "TheWordGame" */ = {
			isa = XCConfigurationList;
			buildConfigurations = (
				CCA90BF71ACC3AF0006E93B3 /* Debug */,
				CCA90BF81ACC3AF0006E93B3 /* Release */,
			);
			defaultConfigurationIsVisible = 0;
			defaultConfigurationName = Release;
		};
		CCA90BF91ACC3AF0006E93B3 /* Build configuration list for PBXNativeTarget "TheWordGameTests" */ = {
			isa = XCConfigurationList;
			buildConfigurations = (
				CCA90BFA1ACC3AF0006E93B3 /* Debug */,
				CCA90BFB1ACC3AF0006E93B3 /* Release */,
			);
			defaultConfigurationIsVisible = 0;
			defaultConfigurationName = Release;
		};
/* End XCConfigurationList section */

/* Begin XCVersionGroup section */
		CCA90BDA1ACC3AF0006E93B3 /* TheWordGame.xcdatamodeld */ = {
			isa = XCVersionGroup;
			children = (
				CCA90BDB1ACC3AF0006E93B3 /* TheWordGame.xcdatamodel */,
			);
			currentVersion = CCA90BDB1ACC3AF0006E93B3 /* TheWordGame.xcdatamodel */;
			path = TheWordGame.xcdatamodeld;
			sourceTree = "<group>";
			versionGroupType = wrapper.xcdatamodel;
		};
/* End XCVersionGroup section */
	};
	rootObject = CCA90BC81ACC3AF0006E93B3 /* Project object */;
}
