// !$*UTF8*$!
{
	archiveVersion = 1;
	classes = {
	};
	objectVersion = 46;
	objects = {

/* Begin PBXBuildFile section */
		184D37681AD5DF07008D4A95 /* MultiplayerPassAndPlayPlayerInputViewController.m in Sources */ = {isa = PBXBuildFile; fileRef = 184D37671AD5DF07008D4A95 /* MultiplayerPassAndPlayPlayerInputViewController.m */; };
		18DC136C1AD4133200CB1CEA /* SinglePlayerTimeTrialViewController.m in Sources */ = {isa = PBXBuildFile; fileRef = 18DC136B1AD4133200CB1CEA /* SinglePlayerTimeTrialViewController.m */; };
		BA18BE4D1AD491650067F6B2 /* VolumeOff.png in Resources */ = {isa = PBXBuildFile; fileRef = BA18BE4C1AD491650067F6B2 /* VolumeOff.png */; };
		BA3498801AD06A51001BDBB8 /* Home.png in Resources */ = {isa = PBXBuildFile; fileRef = BA3498721AD06A51001BDBB8 /* Home.png */; };
		BA3498811AD06A51001BDBB8 /* House Black.png in Resources */ = {isa = PBXBuildFile; fileRef = BA3498731AD06A51001BDBB8 /* House Black.png */; };
		BA3498821AD06A51001BDBB8 /* House White.png in Resources */ = {isa = PBXBuildFile; fileRef = BA3498741AD06A51001BDBB8 /* House White.png */; };
		BA3498831AD06A51001BDBB8 /* Info.png in Resources */ = {isa = PBXBuildFile; fileRef = BA3498751AD06A51001BDBB8 /* Info.png */; };
		BA3498841AD06A51001BDBB8 /* Instructions Icon.png in Resources */ = {isa = PBXBuildFile; fileRef = BA3498761AD06A51001BDBB8 /* Instructions Icon.png */; };
		BA3498891AD06A51001BDBB8 /* Single player.png in Resources */ = {isa = PBXBuildFile; fileRef = BA34987B1AD06A51001BDBB8 /* Single player.png */; };
		BA34988A1AD06A51001BDBB8 /* Stats.png in Resources */ = {isa = PBXBuildFile; fileRef = BA34987C1AD06A51001BDBB8 /* Stats.png */; };
		BA34988B1AD06A51001BDBB8 /* Trophy.png in Resources */ = {isa = PBXBuildFile; fileRef = BA34987D1AD06A51001BDBB8 /* Trophy.png */; };
		BA56B8AE1AD0FBCF0023F1C5 /* UITestViewController.m in Sources */ = {isa = PBXBuildFile; fileRef = BA56B8AD1AD0FBCF0023F1C5 /* UITestViewController.m */; };
		BA56B8BD1AD1858F0023F1C5 /* MultiPlayerNew.png in Resources */ = {isa = PBXBuildFile; fileRef = BA56B8BB1AD1858F0023F1C5 /* MultiPlayerNew.png */; };
		BA56B8BE1AD1858F0023F1C5 /* SinglePlayerNew.png in Resources */ = {isa = PBXBuildFile; fileRef = BA56B8BC1AD1858F0023F1C5 /* SinglePlayerNew.png */; };
		BAA58C8A1AD2DBC000C8A2AA /* button1.png in Resources */ = {isa = PBXBuildFile; fileRef = BAA58C7B1AD2DBC000C8A2AA /* button1.png */; };
		BAA58C8B1AD2DBC000C8A2AA /* button10.png in Resources */ = {isa = PBXBuildFile; fileRef = BAA58C7C1AD2DBC000C8A2AA /* button10.png */; };
		BAA58C8C1AD2DBC000C8A2AA /* button11.png in Resources */ = {isa = PBXBuildFile; fileRef = BAA58C7D1AD2DBC000C8A2AA /* button11.png */; };
		BAA58C8D1AD2DBC000C8A2AA /* button12.png in Resources */ = {isa = PBXBuildFile; fileRef = BAA58C7E1AD2DBC000C8A2AA /* button12.png */; };
		BAA58C8E1AD2DBC000C8A2AA /* button13.png in Resources */ = {isa = PBXBuildFile; fileRef = BAA58C7F1AD2DBC000C8A2AA /* button13.png */; };
		BAA58C8F1AD2DBC000C8A2AA /* button14.png in Resources */ = {isa = PBXBuildFile; fileRef = BAA58C801AD2DBC000C8A2AA /* button14.png */; };
		BAA58C901AD2DBC000C8A2AA /* button15.png in Resources */ = {isa = PBXBuildFile; fileRef = BAA58C811AD2DBC000C8A2AA /* button15.png */; };
		BAA58C911AD2DBC000C8A2AA /* button2.png in Resources */ = {isa = PBXBuildFile; fileRef = BAA58C821AD2DBC000C8A2AA /* button2.png */; };
		BAA58C921AD2DBC000C8A2AA /* button3.png in Resources */ = {isa = PBXBuildFile; fileRef = BAA58C831AD2DBC000C8A2AA /* button3.png */; };
		BAA58C931AD2DBC000C8A2AA /* button4.png in Resources */ = {isa = PBXBuildFile; fileRef = BAA58C841AD2DBC000C8A2AA /* button4.png */; };
		BAA58C941AD2DBC000C8A2AA /* button5.png in Resources */ = {isa = PBXBuildFile; fileRef = BAA58C851AD2DBC000C8A2AA /* button5.png */; };
		BAA58C951AD2DBC000C8A2AA /* button6.png in Resources */ = {isa = PBXBuildFile; fileRef = BAA58C861AD2DBC000C8A2AA /* button6.png */; };
		BAA58C961AD2DBC000C8A2AA /* button7.png in Resources */ = {isa = PBXBuildFile; fileRef = BAA58C871AD2DBC000C8A2AA /* button7.png */; };
		BAA58C971AD2DBC000C8A2AA /* button8.png in Resources */ = {isa = PBXBuildFile; fileRef = BAA58C881AD2DBC000C8A2AA /* button8.png */; };
		BAA58C981AD2DBC000C8A2AA /* button9.png in Resources */ = {isa = PBXBuildFile; fileRef = BAA58C891AD2DBC000C8A2AA /* button9.png */; };
		BAA58C9B1AD2DC7600C8A2AA /* GameModesViewController.m in Sources */ = {isa = PBXBuildFile; fileRef = BAA58C9A1AD2DC7600C8A2AA /* GameModesViewController.m */; };
		BAA58CA21AD2EB8F00C8A2AA /* LandingPageViewController.m in Sources */ = {isa = PBXBuildFile; fileRef = BAA58CA11AD2EB8F00C8A2AA /* LandingPageViewController.m */; };
		BAA58CAC1AD2EC6100C8A2AA /* sp1.png in Resources */ = {isa = PBXBuildFile; fileRef = BAA58CA41AD2EC6100C8A2AA /* sp1.png */; };
		BAA58CAD1AD2EC6100C8A2AA /* sp2.png in Resources */ = {isa = PBXBuildFile; fileRef = BAA58CA51AD2EC6100C8A2AA /* sp2.png */; };
		BAA58CAE1AD2EC6100C8A2AA /* sp3.png in Resources */ = {isa = PBXBuildFile; fileRef = BAA58CA61AD2EC6100C8A2AA /* sp3.png */; };
		BAA58CAF1AD2EC6100C8A2AA /* sp4.png in Resources */ = {isa = PBXBuildFile; fileRef = BAA58CA71AD2EC6100C8A2AA /* sp4.png */; };
		BAA58CB01AD2EC6100C8A2AA /* sp5.png in Resources */ = {isa = PBXBuildFile; fileRef = BAA58CA81AD2EC6100C8A2AA /* sp5.png */; };
		BAA58CB11AD2EC6100C8A2AA /* sp6.png in Resources */ = {isa = PBXBuildFile; fileRef = BAA58CA91AD2EC6100C8A2AA /* sp6.png */; };
		BAA58CB21AD2EC6100C8A2AA /* sp7.png in Resources */ = {isa = PBXBuildFile; fileRef = BAA58CAA1AD2EC6100C8A2AA /* sp7.png */; };
		BAA58CB31AD2EC6100C8A2AA /* sp8.png in Resources */ = {isa = PBXBuildFile; fileRef = BAA58CAB1AD2EC6100C8A2AA /* sp8.png */; };
		BAA58CBD1AD2F0C000C8A2AA /* mp1.png in Resources */ = {isa = PBXBuildFile; fileRef = BAA58CB51AD2F0C000C8A2AA /* mp1.png */; };
		BAA58CBE1AD2F0C000C8A2AA /* mp2.png in Resources */ = {isa = PBXBuildFile; fileRef = BAA58CB61AD2F0C000C8A2AA /* mp2.png */; };
		BAA58CBF1AD2F0C000C8A2AA /* mp3.png in Resources */ = {isa = PBXBuildFile; fileRef = BAA58CB71AD2F0C000C8A2AA /* mp3.png */; };
		BAA58CC01AD2F0C000C8A2AA /* mp4.png in Resources */ = {isa = PBXBuildFile; fileRef = BAA58CB81AD2F0C000C8A2AA /* mp4.png */; };
		BAA58CC11AD2F0C000C8A2AA /* mp5.png in Resources */ = {isa = PBXBuildFile; fileRef = BAA58CB91AD2F0C000C8A2AA /* mp5.png */; };
		BAA58CC21AD2F0C000C8A2AA /* mp6.png in Resources */ = {isa = PBXBuildFile; fileRef = BAA58CBA1AD2F0C000C8A2AA /* mp6.png */; };
		BAA58CC31AD2F0C000C8A2AA /* mp7.png in Resources */ = {isa = PBXBuildFile; fileRef = BAA58CBB1AD2F0C000C8A2AA /* mp7.png */; };
		BAA58CC41AD2F0C000C8A2AA /* mp8.png in Resources */ = {isa = PBXBuildFile; fileRef = BAA58CBC1AD2F0C000C8A2AA /* mp8.png */; };
		BABCE5191AD03E21005A9B54 /* CoreImage.framework in Frameworks */ = {isa = PBXBuildFile; fileRef = BABCE5171AD03E21005A9B54 /* CoreImage.framework */; };
		BABCE51A1AD03E21005A9B54 /* QuartzCore.framework in Frameworks */ = {isa = PBXBuildFile; fileRef = BABCE5181AD03E21005A9B54 /* QuartzCore.framework */; };
		BADEFFBC1AD0F9210071EAA1 /* BottomBar.png in Resources */ = {isa = PBXBuildFile; fileRef = BADEFFB61AD0F9210071EAA1 /* BottomBar.png */; };
		BADEFFBF1AD0F9210071EAA1 /* Settings.png in Resources */ = {isa = PBXBuildFile; fileRef = BADEFFB91AD0F9210071EAA1 /* Settings.png */; };
		BADEFFC01AD0F9210071EAA1 /* Volume.png in Resources */ = {isa = PBXBuildFile; fileRef = BADEFFBA1AD0F9210071EAA1 /* Volume.png */; };
		BAE961C21AD567ED001A911E /* DissolveSegue.m in Sources */ = {isa = PBXBuildFile; fileRef = BAE961C01AD567ED001A911E /* DissolveSegue.m */; };
		CC77B23C1AD0779F00BABE6B /* Dictionary.txt in Resources */ = {isa = PBXBuildFile; fileRef = CC77B23B1AD0779F00BABE6B /* Dictionary.txt */; };
		CC77B23F1AD077F800BABE6B /* SinglePlayerFreePlayViewController.m in Sources */ = {isa = PBXBuildFile; fileRef = CC77B23E1AD077F800BABE6B /* SinglePlayerFreePlayViewController.m */; };
		CCA90BD61ACC3AF0006E93B3 /* main.m in Sources */ = {isa = PBXBuildFile; fileRef = CCA90BD51ACC3AF0006E93B3 /* main.m */; };
		CCA90BD91ACC3AF0006E93B3 /* AppDelegate.m in Sources */ = {isa = PBXBuildFile; fileRef = CCA90BD81ACC3AF0006E93B3 /* AppDelegate.m */; };
		CCA90BDC1ACC3AF0006E93B3 /* TheWordGame.xcdatamodeld in Sources */ = {isa = PBXBuildFile; fileRef = CCA90BDA1ACC3AF0006E93B3 /* TheWordGame.xcdatamodeld */; };
		CCA90BE21ACC3AF0006E93B3 /* Main.storyboard in Resources */ = {isa = PBXBuildFile; fileRef = CCA90BE01ACC3AF0006E93B3 /* Main.storyboard */; };
		CCA90BE41ACC3AF0006E93B3 /* Images.xcassets in Resources */ = {isa = PBXBuildFile; fileRef = CCA90BE31ACC3AF0006E93B3 /* Images.xcassets */; };
		CCA90BF31ACC3AF0006E93B3 /* TheWordGameTests.m in Sources */ = {isa = PBXBuildFile; fileRef = CCA90BF21ACC3AF0006E93B3 /* TheWordGameTests.m */; };
		CCFEA6F91AD1C87F00149316 /* LSSGame.m in Sources */ = {isa = PBXBuildFile; fileRef = CCFEA6F81AD1C87F00149316 /* LSSGame.m */; };
		CCFEA6FC1AD1D24500149316 /* LSSDictionary.m in Sources */ = {isa = PBXBuildFile; fileRef = CCFEA6FB1AD1D24500149316 /* LSSDictionary.m */; };
/* End PBXBuildFile section */

/* Begin PBXContainerItemProxy section */
		CCA90BED1ACC3AF0006E93B3 /* PBXContainerItemProxy */ = {
			isa = PBXContainerItemProxy;
			containerPortal = CCA90BC81ACC3AF0006E93B3 /* Project object */;
			proxyType = 1;
			remoteGlobalIDString = CCA90BCF1ACC3AF0006E93B3;
			remoteInfo = TheWordGame;
		};
/* End PBXContainerItemProxy section */

/* Begin PBXFileReference section */
		184D37661AD5DF07008D4A95 /* MultiplayerPassAndPlayPlayerInputViewController.h */ = {isa = PBXFileReference; fileEncoding = 4; lastKnownFileType = sourcecode.c.h; path = MultiplayerPassAndPlayPlayerInputViewController.h; sourceTree = "<group>"; };
		184D37671AD5DF07008D4A95 /* MultiplayerPassAndPlayPlayerInputViewController.m */ = {isa = PBXFileReference; fileEncoding = 4; lastKnownFileType = sourcecode.c.objc; path = MultiplayerPassAndPlayPlayerInputViewController.m; sourceTree = "<group>"; };
		18DC136A1AD4133200CB1CEA /* SinglePlayerTimeTrialViewController.h */ = {isa = PBXFileReference; fileEncoding = 4; lastKnownFileType = sourcecode.c.h; path = SinglePlayerTimeTrialViewController.h; sourceTree = "<group>"; };
		18DC136B1AD4133200CB1CEA /* SinglePlayerTimeTrialViewController.m */ = {isa = PBXFileReference; fileEncoding = 4; lastKnownFileType = sourcecode.c.objc; path = SinglePlayerTimeTrialViewController.m; sourceTree = "<group>"; };
		BA18BE4C1AD491650067F6B2 /* VolumeOff.png */ = {isa = PBXFileReference; lastKnownFileType = image.png; name = VolumeOff.png; path = "Images/New UI/VolumeOff.png"; sourceTree = SOURCE_ROOT; };
		BA3498721AD06A51001BDBB8 /* Home.png */ = {isa = PBXFileReference; lastKnownFileType = image.png; name = Home.png; path = Images/Home.png; sourceTree = SOURCE_ROOT; };
		BA3498731AD06A51001BDBB8 /* House Black.png */ = {isa = PBXFileReference; lastKnownFileType = image.png; name = "House Black.png"; path = "Images/House Black.png"; sourceTree = SOURCE_ROOT; };
		BA3498741AD06A51001BDBB8 /* House White.png */ = {isa = PBXFileReference; lastKnownFileType = image.png; name = "House White.png"; path = "Images/House White.png"; sourceTree = SOURCE_ROOT; };
		BA3498751AD06A51001BDBB8 /* Info.png */ = {isa = PBXFileReference; lastKnownFileType = image.png; name = Info.png; path = Images/Info.png; sourceTree = SOURCE_ROOT; };
		BA3498761AD06A51001BDBB8 /* Instructions Icon.png */ = {isa = PBXFileReference; lastKnownFileType = image.png; name = "Instructions Icon.png"; path = "Images/Instructions Icon.png"; sourceTree = SOURCE_ROOT; };
		BA34987B1AD06A51001BDBB8 /* Single player.png */ = {isa = PBXFileReference; lastKnownFileType = image.png; name = "Single player.png"; path = "Images/Single player.png"; sourceTree = SOURCE_ROOT; };
		BA34987C1AD06A51001BDBB8 /* Stats.png */ = {isa = PBXFileReference; lastKnownFileType = image.png; name = Stats.png; path = Images/Stats.png; sourceTree = SOURCE_ROOT; };
		BA34987D1AD06A51001BDBB8 /* Trophy.png */ = {isa = PBXFileReference; lastKnownFileType = image.png; name = Trophy.png; path = Images/Trophy.png; sourceTree = SOURCE_ROOT; };
		BA56B8AC1AD0FBCF0023F1C5 /* UITestViewController.h */ = {isa = PBXFileReference; fileEncoding = 4; lastKnownFileType = sourcecode.c.h; path = UITestViewController.h; sourceTree = "<group>"; };
		BA56B8AD1AD0FBCF0023F1C5 /* UITestViewController.m */ = {isa = PBXFileReference; fileEncoding = 4; lastKnownFileType = sourcecode.c.objc; path = UITestViewController.m; sourceTree = "<group>"; };
		BA56B8BB1AD1858F0023F1C5 /* MultiPlayerNew.png */ = {isa = PBXFileReference; lastKnownFileType = image.png; name = MultiPlayerNew.png; path = "Images/New UI/MultiPlayerNew.png"; sourceTree = SOURCE_ROOT; };
		BA56B8BC1AD1858F0023F1C5 /* SinglePlayerNew.png */ = {isa = PBXFileReference; lastKnownFileType = image.png; name = SinglePlayerNew.png; path = "Images/New UI/SinglePlayerNew.png"; sourceTree = SOURCE_ROOT; };
		BAA58C7B1AD2DBC000C8A2AA /* button1.png */ = {isa = PBXFileReference; lastKnownFileType = image.png; path = button1.png; sourceTree = "<group>"; };
		BAA58C7C1AD2DBC000C8A2AA /* button10.png */ = {isa = PBXFileReference; lastKnownFileType = image.png; path = button10.png; sourceTree = "<group>"; };
		BAA58C7D1AD2DBC000C8A2AA /* button11.png */ = {isa = PBXFileReference; lastKnownFileType = image.png; path = button11.png; sourceTree = "<group>"; };
		BAA58C7E1AD2DBC000C8A2AA /* button12.png */ = {isa = PBXFileReference; lastKnownFileType = image.png; path = button12.png; sourceTree = "<group>"; };
		BAA58C7F1AD2DBC000C8A2AA /* button13.png */ = {isa = PBXFileReference; lastKnownFileType = image.png; path = button13.png; sourceTree = "<group>"; };
		BAA58C801AD2DBC000C8A2AA /* button14.png */ = {isa = PBXFileReference; lastKnownFileType = image.png; path = button14.png; sourceTree = "<group>"; };
		BAA58C811AD2DBC000C8A2AA /* button15.png */ = {isa = PBXFileReference; lastKnownFileType = image.png; path = button15.png; sourceTree = "<group>"; };
		BAA58C821AD2DBC000C8A2AA /* button2.png */ = {isa = PBXFileReference; lastKnownFileType = image.png; path = button2.png; sourceTree = "<group>"; };
		BAA58C831AD2DBC000C8A2AA /* button3.png */ = {isa = PBXFileReference; lastKnownFileType = image.png; path = button3.png; sourceTree = "<group>"; };
		BAA58C841AD2DBC000C8A2AA /* button4.png */ = {isa = PBXFileReference; lastKnownFileType = image.png; path = button4.png; sourceTree = "<group>"; };
		BAA58C851AD2DBC000C8A2AA /* button5.png */ = {isa = PBXFileReference; lastKnownFileType = image.png; path = button5.png; sourceTree = "<group>"; };
		BAA58C861AD2DBC000C8A2AA /* button6.png */ = {isa = PBXFileReference; lastKnownFileType = image.png; path = button6.png; sourceTree = "<group>"; };
		BAA58C871AD2DBC000C8A2AA /* button7.png */ = {isa = PBXFileReference; lastKnownFileType = image.png; path = button7.png; sourceTree = "<group>"; };
		BAA58C881AD2DBC000C8A2AA /* button8.png */ = {isa = PBXFileReference; lastKnownFileType = image.png; path = button8.png; sourceTree = "<group>"; };
		BAA58C891AD2DBC000C8A2AA /* button9.png */ = {isa = PBXFileReference; lastKnownFileType = image.png; path = button9.png; sourceTree = "<group>"; };
		BAA58C991AD2DC7500C8A2AA /* GameModesViewController.h */ = {isa = PBXFileReference; fileEncoding = 4; lastKnownFileType = sourcecode.c.h; path = GameModesViewController.h; sourceTree = "<group>"; };
		BAA58C9A1AD2DC7600C8A2AA /* GameModesViewController.m */ = {isa = PBXFileReference; fileEncoding = 4; lastKnownFileType = sourcecode.c.objc; path = GameModesViewController.m; sourceTree = "<group>"; };
		BAA58CA01AD2EB8F00C8A2AA /* LandingPageViewController.h */ = {isa = PBXFileReference; fileEncoding = 4; lastKnownFileType = sourcecode.c.h; path = LandingPageViewController.h; sourceTree = "<group>"; };
		BAA58CA11AD2EB8F00C8A2AA /* LandingPageViewController.m */ = {isa = PBXFileReference; fileEncoding = 4; lastKnownFileType = sourcecode.c.objc; path = LandingPageViewController.m; sourceTree = "<group>"; };
		BAA58CA41AD2EC6100C8A2AA /* sp1.png */ = {isa = PBXFileReference; lastKnownFileType = image.png; path = sp1.png; sourceTree = "<group>"; };
		BAA58CA51AD2EC6100C8A2AA /* sp2.png */ = {isa = PBXFileReference; lastKnownFileType = image.png; path = sp2.png; sourceTree = "<group>"; };
		BAA58CA61AD2EC6100C8A2AA /* sp3.png */ = {isa = PBXFileReference; lastKnownFileType = image.png; path = sp3.png; sourceTree = "<group>"; };
		BAA58CA71AD2EC6100C8A2AA /* sp4.png */ = {isa = PBXFileReference; lastKnownFileType = image.png; path = sp4.png; sourceTree = "<group>"; };
		BAA58CA81AD2EC6100C8A2AA /* sp5.png */ = {isa = PBXFileReference; lastKnownFileType = image.png; path = sp5.png; sourceTree = "<group>"; };
		BAA58CA91AD2EC6100C8A2AA /* sp6.png */ = {isa = PBXFileReference; lastKnownFileType = image.png; path = sp6.png; sourceTree = "<group>"; };
		BAA58CAA1AD2EC6100C8A2AA /* sp7.png */ = {isa = PBXFileReference; lastKnownFileType = image.png; path = sp7.png; sourceTree = "<group>"; };
		BAA58CAB1AD2EC6100C8A2AA /* sp8.png */ = {isa = PBXFileReference; lastKnownFileType = image.png; path = sp8.png; sourceTree = "<group>"; };
		BAA58CB51AD2F0C000C8A2AA /* mp1.png */ = {isa = PBXFileReference; lastKnownFileType = image.png; path = mp1.png; sourceTree = "<group>"; };
		BAA58CB61AD2F0C000C8A2AA /* mp2.png */ = {isa = PBXFileReference; lastKnownFileType = image.png; path = mp2.png; sourceTree = "<group>"; };
		BAA58CB71AD2F0C000C8A2AA /* mp3.png */ = {isa = PBXFileReference; lastKnownFileType = image.png; path = mp3.png; sourceTree = "<group>"; };
		BAA58CB81AD2F0C000C8A2AA /* mp4.png */ = {isa = PBXFileReference; lastKnownFileType = image.png; path = mp4.png; sourceTree = "<group>"; };
		BAA58CB91AD2F0C000C8A2AA /* mp5.png */ = {isa = PBXFileReference; lastKnownFileType = image.png; path = mp5.png; sourceTree = "<group>"; };
		BAA58CBA1AD2F0C000C8A2AA /* mp6.png */ = {isa = PBXFileReference; lastKnownFileType = image.png; path = mp6.png; sourceTree = "<group>"; };
		BAA58CBB1AD2F0C000C8A2AA /* mp7.png */ = {isa = PBXFileReference; lastKnownFileType = image.png; path = mp7.png; sourceTree = "<group>"; };
		BAA58CBC1AD2F0C000C8A2AA /* mp8.png */ = {isa = PBXFileReference; lastKnownFileType = image.png; path = mp8.png; sourceTree = "<group>"; };
		BABCE5171AD03E21005A9B54 /* CoreImage.framework */ = {isa = PBXFileReference; lastKnownFileType = wrapper.framework; name = CoreImage.framework; path = System/Library/Frameworks/CoreImage.framework; sourceTree = SDKROOT; };
		BABCE5181AD03E21005A9B54 /* QuartzCore.framework */ = {isa = PBXFileReference; lastKnownFileType = wrapper.framework; name = QuartzCore.framework; path = System/Library/Frameworks/QuartzCore.framework; sourceTree = SDKROOT; };
		BADEFFB61AD0F9210071EAA1 /* BottomBar.png */ = {isa = PBXFileReference; lastKnownFileType = image.png; name = BottomBar.png; path = "Images/New UI/BottomBar.png"; sourceTree = SOURCE_ROOT; };
		BADEFFB91AD0F9210071EAA1 /* Settings.png */ = {isa = PBXFileReference; lastKnownFileType = image.png; name = Settings.png; path = "Images/New UI/Settings.png"; sourceTree = SOURCE_ROOT; };
		BADEFFBA1AD0F9210071EAA1 /* Volume.png */ = {isa = PBXFileReference; lastKnownFileType = image.png; name = Volume.png; path = "Images/New UI/Volume.png"; sourceTree = SOURCE_ROOT; };
		BAE961C01AD567ED001A911E /* DissolveSegue.m */ = {isa = PBXFileReference; fileEncoding = 4; lastKnownFileType = sourcecode.c.objc; path = DissolveSegue.m; sourceTree = "<group>"; };
		BAE961C11AD567ED001A911E /* DissolveSegue.h */ = {isa = PBXFileReference; fileEncoding = 4; lastKnownFileType = sourcecode.c.h; path = DissolveSegue.h; sourceTree = "<group>"; };
		CC77B23B1AD0779F00BABE6B /* Dictionary.txt */ = {isa = PBXFileReference; fileEncoding = 4; lastKnownFileType = text; path = Dictionary.txt; sourceTree = "<group>"; };
		CC77B23D1AD077F800BABE6B /* SinglePlayerFreePlayViewController.h */ = {isa = PBXFileReference; fileEncoding = 4; lastKnownFileType = sourcecode.c.h; path = SinglePlayerFreePlayViewController.h; sourceTree = "<group>"; };
		CC77B23E1AD077F800BABE6B /* SinglePlayerFreePlayViewController.m */ = {isa = PBXFileReference; fileEncoding = 4; lastKnownFileType = sourcecode.c.objc; path = SinglePlayerFreePlayViewController.m; sourceTree = "<group>"; };
		CCA90BD01ACC3AF0006E93B3 /* TheWordGame.app */ = {isa = PBXFileReference; explicitFileType = wrapper.application; includeInIndex = 0; path = TheWordGame.app; sourceTree = BUILT_PRODUCTS_DIR; };
		CCA90BD41ACC3AF0006E93B3 /* Info.plist */ = {isa = PBXFileReference; lastKnownFileType = text.plist.xml; path = Info.plist; sourceTree = "<group>"; };
		CCA90BD51ACC3AF0006E93B3 /* main.m */ = {isa = PBXFileReference; lastKnownFileType = sourcecode.c.objc; path = main.m; sourceTree = "<group>"; };
		CCA90BD71ACC3AF0006E93B3 /* AppDelegate.h */ = {isa = PBXFileReference; lastKnownFileType = sourcecode.c.h; path = AppDelegate.h; sourceTree = "<group>"; };
		CCA90BD81ACC3AF0006E93B3 /* AppDelegate.m */ = {isa = PBXFileReference; lastKnownFileType = sourcecode.c.objc; path = AppDelegate.m; sourceTree = "<group>"; };
		CCA90BDB1ACC3AF0006E93B3 /* TheWordGame.xcdatamodel */ = {isa = PBXFileReference; lastKnownFileType = wrapper.xcdatamodel; path = TheWordGame.xcdatamodel; sourceTree = "<group>"; };
		CCA90BE11ACC3AF0006E93B3 /* Base */ = {isa = PBXFileReference; lastKnownFileType = file.storyboard; name = Base; path = Base.lproj/Main.storyboard; sourceTree = "<group>"; };
		CCA90BE31ACC3AF0006E93B3 /* Images.xcassets */ = {isa = PBXFileReference; lastKnownFileType = folder.assetcatalog; path = Images.xcassets; sourceTree = "<group>"; };
		CCA90BEC1ACC3AF0006E93B3 /* TheWordGameTests.xctest */ = {isa = PBXFileReference; explicitFileType = wrapper.cfbundle; includeInIndex = 0; path = TheWordGameTests.xctest; sourceTree = BUILT_PRODUCTS_DIR; };
		CCA90BF11ACC3AF0006E93B3 /* Info.plist */ = {isa = PBXFileReference; lastKnownFileType = text.plist.xml; path = Info.plist; sourceTree = "<group>"; };
		CCA90BF21ACC3AF0006E93B3 /* TheWordGameTests.m */ = {isa = PBXFileReference; lastKnownFileType = sourcecode.c.objc; path = TheWordGameTests.m; sourceTree = "<group>"; };
		CCFEA6F71AD1C87F00149316 /* LSSGame.h */ = {isa = PBXFileReference; fileEncoding = 4; lastKnownFileType = sourcecode.c.h; path = LSSGame.h; sourceTree = "<group>"; };
		CCFEA6F81AD1C87F00149316 /* LSSGame.m */ = {isa = PBXFileReference; fileEncoding = 4; lastKnownFileType = sourcecode.c.objc; path = LSSGame.m; sourceTree = "<group>"; };
		CCFEA6FA1AD1D24500149316 /* LSSDictionary.h */ = {isa = PBXFileReference; fileEncoding = 4; lastKnownFileType = sourcecode.c.h; path = LSSDictionary.h; sourceTree = "<group>"; };
		CCFEA6FB1AD1D24500149316 /* LSSDictionary.m */ = {isa = PBXFileReference; fileEncoding = 4; lastKnownFileType = sourcecode.c.objc; path = LSSDictionary.m; sourceTree = "<group>"; };
/* End PBXFileReference section */

/* Begin PBXFrameworksBuildPhase section */
		CCA90BCD1ACC3AF0006E93B3 /* Frameworks */ = {
			isa = PBXFrameworksBuildPhase;
			buildActionMask = 2147483647;
			files = (
				BABCE5191AD03E21005A9B54 /* CoreImage.framework in Frameworks */,
				BABCE51A1AD03E21005A9B54 /* QuartzCore.framework in Frameworks */,
			);
			runOnlyForDeploymentPostprocessing = 0;
		};
		CCA90BE91ACC3AF0006E93B3 /* Frameworks */ = {
			isa = PBXFrameworksBuildPhase;
			buildActionMask = 2147483647;
			files = (
			);
			runOnlyForDeploymentPostprocessing = 0;
		};
/* End PBXFrameworksBuildPhase section */

/* Begin PBXGroup section */
		BA17E93D1AD226E900902B92 /* Animations */ = {
			isa = PBXGroup;
			children = (
				BAA58CB41AD2F0C000C8A2AA /* MultiPlayer */,
				BAA58CA31AD2EC6100C8A2AA /* SinglePlayer */,
				BAA58C7A1AD2DBC000C8A2AA /* Button */,
			);
			path = Animations;
			sourceTree = SOURCE_ROOT;
		};
		BAA58C7A1AD2DBC000C8A2AA /* Button */ = {
			isa = PBXGroup;
			children = (
				BAA58C7B1AD2DBC000C8A2AA /* button1.png */,
				BAA58C7C1AD2DBC000C8A2AA /* button10.png */,
				BAA58C7D1AD2DBC000C8A2AA /* button11.png */,
				BAA58C7E1AD2DBC000C8A2AA /* button12.png */,
				BAA58C7F1AD2DBC000C8A2AA /* button13.png */,
				BAA58C801AD2DBC000C8A2AA /* button14.png */,
				BAA58C811AD2DBC000C8A2AA /* button15.png */,
				BAA58C821AD2DBC000C8A2AA /* button2.png */,
				BAA58C831AD2DBC000C8A2AA /* button3.png */,
				BAA58C841AD2DBC000C8A2AA /* button4.png */,
				BAA58C851AD2DBC000C8A2AA /* button5.png */,
				BAA58C861AD2DBC000C8A2AA /* button6.png */,
				BAA58C871AD2DBC000C8A2AA /* button7.png */,
				BAA58C881AD2DBC000C8A2AA /* button8.png */,
				BAA58C891AD2DBC000C8A2AA /* button9.png */,
			);
			path = Button;
			sourceTree = "<group>";
		};
		BAA58CA31AD2EC6100C8A2AA /* SinglePlayer */ = {
			isa = PBXGroup;
			children = (
				BAA58CA41AD2EC6100C8A2AA /* sp1.png */,
				BAA58CA51AD2EC6100C8A2AA /* sp2.png */,
				BAA58CA61AD2EC6100C8A2AA /* sp3.png */,
				BAA58CA71AD2EC6100C8A2AA /* sp4.png */,
				BAA58CA81AD2EC6100C8A2AA /* sp5.png */,
				BAA58CA91AD2EC6100C8A2AA /* sp6.png */,
				BAA58CAA1AD2EC6100C8A2AA /* sp7.png */,
				BAA58CAB1AD2EC6100C8A2AA /* sp8.png */,
			);
			path = SinglePlayer;
			sourceTree = "<group>";
		};
		BAA58CB41AD2F0C000C8A2AA /* MultiPlayer */ = {
			isa = PBXGroup;
			children = (
				BAA58CB51AD2F0C000C8A2AA /* mp1.png */,
				BAA58CB61AD2F0C000C8A2AA /* mp2.png */,
				BAA58CB71AD2F0C000C8A2AA /* mp3.png */,
				BAA58CB81AD2F0C000C8A2AA /* mp4.png */,
				BAA58CB91AD2F0C000C8A2AA /* mp5.png */,
				BAA58CBA1AD2F0C000C8A2AA /* mp6.png */,
				BAA58CBB1AD2F0C000C8A2AA /* mp7.png */,
				BAA58CBC1AD2F0C000C8A2AA /* mp8.png */,
			);
			path = MultiPlayer;
			sourceTree = "<group>";
		};
		CC03E9E71AD069C50068B980 /* Images */ = {
			isa = PBXGroup;
			children = (
				BA18BE4C1AD491650067F6B2 /* VolumeOff.png */,
				BA56B8BB1AD1858F0023F1C5 /* MultiPlayerNew.png */,
				BA56B8BC1AD1858F0023F1C5 /* SinglePlayerNew.png */,
				BADEFFB61AD0F9210071EAA1 /* BottomBar.png */,
				BADEFFB91AD0F9210071EAA1 /* Settings.png */,
				BADEFFBA1AD0F9210071EAA1 /* Volume.png */,
				BA3498721AD06A51001BDBB8 /* Home.png */,
				BA3498731AD06A51001BDBB8 /* House Black.png */,
				BA3498741AD06A51001BDBB8 /* House White.png */,
				BA3498751AD06A51001BDBB8 /* Info.png */,
				BA3498761AD06A51001BDBB8 /* Instructions Icon.png */,
				BA34987B1AD06A51001BDBB8 /* Single player.png */,
				BA34987C1AD06A51001BDBB8 /* Stats.png */,
				BA34987D1AD06A51001BDBB8 /* Trophy.png */,
			);
			name = Images;
			sourceTree = "<group>";
		};
		CCA90BC71ACC3AF0006E93B3 = {
			isa = PBXGroup;
			children = (
				BABCE5171AD03E21005A9B54 /* CoreImage.framework */,
				BABCE5181AD03E21005A9B54 /* QuartzCore.framework */,
				CCA90BD21ACC3AF0006E93B3 /* TheWordGame */,
				CCA90BEF1ACC3AF0006E93B3 /* TheWordGameTests */,
				CCA90BD11ACC3AF0006E93B3 /* Products */,
			);
			sourceTree = "<group>";
		};
		CCA90BD11ACC3AF0006E93B3 /* Products */ = {
			isa = PBXGroup;
			children = (
				CCA90BD01ACC3AF0006E93B3 /* TheWordGame.app */,
				CCA90BEC1ACC3AF0006E93B3 /* TheWordGameTests.xctest */,
			);
			name = Products;
			sourceTree = "<group>";
		};
		CCA90BD21ACC3AF0006E93B3 /* TheWordGame */ = {
			isa = PBXGroup;
			children = (
				CC77B23B1AD0779F00BABE6B /* Dictionary.txt */,
				CCA90BD71ACC3AF0006E93B3 /* AppDelegate.h */,
				CCA90BD81ACC3AF0006E93B3 /* AppDelegate.m */,
				CCA90BE01ACC3AF0006E93B3 /* Main.storyboard */,
				CCA90BE31ACC3AF0006E93B3 /* Images.xcassets */,
				CCA90BDA1ACC3AF0006E93B3 /* TheWordGame.xcdatamodeld */,
				CCA90BD31ACC3AF0006E93B3 /* Supporting Files */,
				CC77B23D1AD077F800BABE6B /* SinglePlayerFreePlayViewController.h */,
				CC77B23E1AD077F800BABE6B /* SinglePlayerFreePlayViewController.m */,
				BA56B8AC1AD0FBCF0023F1C5 /* UITestViewController.h */,
				BA56B8AD1AD0FBCF0023F1C5 /* UITestViewController.m */,
				CCFEA6F71AD1C87F00149316 /* LSSGame.h */,
				CCFEA6F81AD1C87F00149316 /* LSSGame.m */,
				CCFEA6FA1AD1D24500149316 /* LSSDictionary.h */,
				CCFEA6FB1AD1D24500149316 /* LSSDictionary.m */,
				BAA58CA01AD2EB8F00C8A2AA /* LandingPageViewController.h */,
				BAA58CA11AD2EB8F00C8A2AA /* LandingPageViewController.m */,
				BAA58C991AD2DC7500C8A2AA /* GameModesViewController.h */,
				BAA58C9A1AD2DC7600C8A2AA /* GameModesViewController.m */,
				18DC136A1AD4133200CB1CEA /* SinglePlayerTimeTrialViewController.h */,
				18DC136B1AD4133200CB1CEA /* SinglePlayerTimeTrialViewController.m */,
				BAE961C01AD567ED001A911E /* DissolveSegue.m */,
				BAE961C11AD567ED001A911E /* DissolveSegue.h */,
				184D37661AD5DF07008D4A95 /* MultiplayerPassAndPlayPlayerInputViewController.h */,
				184D37671AD5DF07008D4A95 /* MultiplayerPassAndPlayPlayerInputViewController.m */,
			);
			path = TheWordGame;
			sourceTree = "<group>";
		};
		CCA90BD31ACC3AF0006E93B3 /* Supporting Files */ = {
			isa = PBXGroup;
			children = (
				BA17E93D1AD226E900902B92 /* Animations */,
				CC03E9E71AD069C50068B980 /* Images */,
				CCA90BD41ACC3AF0006E93B3 /* Info.plist */,
				CCA90BD51ACC3AF0006E93B3 /* main.m */,
			);
			name = "Supporting Files";
			sourceTree = "<group>";
		};
		CCA90BEF1ACC3AF0006E93B3 /* TheWordGameTests */ = {
			isa = PBXGroup;
			children = (
				CCA90BF21ACC3AF0006E93B3 /* TheWordGameTests.m */,
				CCA90BF01ACC3AF0006E93B3 /* Supporting Files */,
			);
			path = TheWordGameTests;
			sourceTree = "<group>";
		};
		CCA90BF01ACC3AF0006E93B3 /* Supporting Files */ = {
			isa = PBXGroup;
			children = (
				CCA90BF11ACC3AF0006E93B3 /* Info.plist */,
			);
			name = "Supporting Files";
			sourceTree = "<group>";
		};
/* End PBXGroup section */

/* Begin PBXNativeTarget section */
		CCA90BCF1ACC3AF0006E93B3 /* TheWordGame */ = {
			isa = PBXNativeTarget;
			buildConfigurationList = CCA90BF61ACC3AF0006E93B3 /* Build configuration list for PBXNativeTarget "TheWordGame" */;
			buildPhases = (
				CCA90BCC1ACC3AF0006E93B3 /* Sources */,
				CCA90BCD1ACC3AF0006E93B3 /* Frameworks */,
				CCA90BCE1ACC3AF0006E93B3 /* Resources */,
			);
			buildRules = (
			);
			dependencies = (
			);
			name = TheWordGame;
			productName = TheWordGame;
			productReference = CCA90BD01ACC3AF0006E93B3 /* TheWordGame.app */;
			productType = "com.apple.product-type.application";
		};
		CCA90BEB1ACC3AF0006E93B3 /* TheWordGameTests */ = {
			isa = PBXNativeTarget;
			buildConfigurationList = CCA90BF91ACC3AF0006E93B3 /* Build configuration list for PBXNativeTarget "TheWordGameTests" */;
			buildPhases = (
				CCA90BE81ACC3AF0006E93B3 /* Sources */,
				CCA90BE91ACC3AF0006E93B3 /* Frameworks */,
				CCA90BEA1ACC3AF0006E93B3 /* Resources */,
			);
			buildRules = (
			);
			dependencies = (
				CCA90BEE1ACC3AF0006E93B3 /* PBXTargetDependency */,
			);
			name = TheWordGameTests;
			productName = TheWordGameTests;
			productReference = CCA90BEC1ACC3AF0006E93B3 /* TheWordGameTests.xctest */;
			productType = "com.apple.product-type.bundle.unit-test";
		};
/* End PBXNativeTarget section */

/* Begin PBXProject section */
		CCA90BC81ACC3AF0006E93B3 /* Project object */ = {
			isa = PBXProject;
			attributes = {
				LastUpgradeCheck = 0620;
				ORGANIZATIONNAME = "Daniel McCrystal";
				TargetAttributes = {
					CCA90BCF1ACC3AF0006E93B3 = {
						CreatedOnToolsVersion = 6.2;
					};
					CCA90BEB1ACC3AF0006E93B3 = {
						CreatedOnToolsVersion = 6.2;
						TestTargetID = CCA90BCF1ACC3AF0006E93B3;
					};
				};
			};
			buildConfigurationList = CCA90BCB1ACC3AF0006E93B3 /* Build configuration list for PBXProject "TheWordGame" */;
			compatibilityVersion = "Xcode 3.2";
			developmentRegion = English;
			hasScannedForEncodings = 0;
			knownRegions = (
				en,
				Base,
			);
			mainGroup = CCA90BC71ACC3AF0006E93B3;
			productRefGroup = CCA90BD11ACC3AF0006E93B3 /* Products */;
			projectDirPath = "";
			projectRoot = "";
			targets = (
				CCA90BCF1ACC3AF0006E93B3 /* TheWordGame */,
				CCA90BEB1ACC3AF0006E93B3 /* TheWordGameTests */,
			);
		};
/* End PBXProject section */

/* Begin PBXResourcesBuildPhase section */
		CCA90BCE1ACC3AF0006E93B3 /* Resources */ = {
			isa = PBXResourcesBuildPhase;
			buildActionMask = 2147483647;
			files = (
				BAA58CBF1AD2F0C000C8A2AA /* mp3.png in Resources */,
				CCA90BE21ACC3AF0006E93B3 /* Main.storyboard in Resources */,
				BAA58CAE1AD2EC6100C8A2AA /* sp3.png in Resources */,
				BAA58CC11AD2F0C000C8A2AA /* mp5.png in Resources */,
				BAA58C8A1AD2DBC000C8A2AA /* button1.png in Resources */,
				BAA58CB21AD2EC6100C8A2AA /* sp7.png in Resources */,
				BA3498811AD06A51001BDBB8 /* House Black.png in Resources */,
				BAA58C8D1AD2DBC000C8A2AA /* button12.png in Resources */,
				BADEFFBF1AD0F9210071EAA1 /* Settings.png in Resources */,
				BAA58C931AD2DBC000C8A2AA /* button4.png in Resources */,
				BAA58CB11AD2EC6100C8A2AA /* sp6.png in Resources */,
				BAA58CBD1AD2F0C000C8A2AA /* mp1.png in Resources */,
				BA34988B1AD06A51001BDBB8 /* Trophy.png in Resources */,
				BA3498821AD06A51001BDBB8 /* House White.png in Resources */,
				BAA58CAF1AD2EC6100C8A2AA /* sp4.png in Resources */,
				BAA58CC41AD2F0C000C8A2AA /* mp8.png in Resources */,
				BAA58C951AD2DBC000C8A2AA /* button6.png in Resources */,
				BA3498801AD06A51001BDBB8 /* Home.png in Resources */,
				BAA58CB01AD2EC6100C8A2AA /* sp5.png in Resources */,
				BA18BE4D1AD491650067F6B2 /* VolumeOff.png in Resources */,
				BA56B8BE1AD1858F0023F1C5 /* SinglePlayerNew.png in Resources */,
				CC77B23C1AD0779F00BABE6B /* Dictionary.txt in Resources */,
				BAA58C8B1AD2DBC000C8A2AA /* button10.png in Resources */,
				BA56B8BD1AD1858F0023F1C5 /* MultiPlayerNew.png in Resources */,
				BADEFFBC1AD0F9210071EAA1 /* BottomBar.png in Resources */,
				BAA58CAC1AD2EC6100C8A2AA /* sp1.png in Resources */,
				BAA58CB31AD2EC6100C8A2AA /* sp8.png in Resources */,
				BAA58C8C1AD2DBC000C8A2AA /* button11.png in Resources */,
				BAA58C961AD2DBC000C8A2AA /* button7.png in Resources */,
				BAA58C971AD2DBC000C8A2AA /* button8.png in Resources */,
				BAA58CC01AD2F0C000C8A2AA /* mp4.png in Resources */,
				BAA58C921AD2DBC000C8A2AA /* button3.png in Resources */,
				BAA58C911AD2DBC000C8A2AA /* button2.png in Resources */,
				BAA58C941AD2DBC000C8A2AA /* button5.png in Resources */,
				BAA58CC21AD2F0C000C8A2AA /* mp6.png in Resources */,
				BAA58CAD1AD2EC6100C8A2AA /* sp2.png in Resources */,
				BAA58C901AD2DBC000C8A2AA /* button15.png in Resources */,
				BAA58C8E1AD2DBC000C8A2AA /* button13.png in Resources */,
				BAA58CBE1AD2F0C000C8A2AA /* mp2.png in Resources */,
				CCA90BE41ACC3AF0006E93B3 /* Images.xcassets in Resources */,
				BAA58C981AD2DBC000C8A2AA /* button9.png in Resources */,
				BADEFFC01AD0F9210071EAA1 /* Volume.png in Resources */,
				BA34988A1AD06A51001BDBB8 /* Stats.png in Resources */,
				BA3498891AD06A51001BDBB8 /* Single player.png in Resources */,
				BAA58CC31AD2F0C000C8A2AA /* mp7.png in Resources */,
				BAA58C8F1AD2DBC000C8A2AA /* button14.png in Resources */,
				BA3498831AD06A51001BDBB8 /* Info.png in Resources */,
				BA3498841AD06A51001BDBB8 /* Instructions Icon.png in Resources */,
			);
			runOnlyForDeploymentPostprocessing = 0;
		};
		CCA90BEA1ACC3AF0006E93B3 /* Resources */ = {
			isa = PBXResourcesBuildPhase;
			buildActionMask = 2147483647;
			files = (
			);
			runOnlyForDeploymentPostprocessing = 0;
		};
/* End PBXResourcesBuildPhase section */

/* Begin PBXSourcesBuildPhase section */
		CCA90BCC1ACC3AF0006E93B3 /* Sources */ = {
			isa = PBXSourcesBuildPhase;
			buildActionMask = 2147483647;
			files = (
				BAA58C9B1AD2DC7600C8A2AA /* GameModesViewController.m in Sources */,
				CCFEA6F91AD1C87F00149316 /* LSSGame.m in Sources */,
				BAE961C21AD567ED001A911E /* DissolveSegue.m in Sources */,
				CCFEA6FC1AD1D24500149316 /* LSSDictionary.m in Sources */,
				184D37681AD5DF07008D4A95 /* MultiplayerPassAndPlayPlayerInputViewController.m in Sources */,
				18DC136C1AD4133200CB1CEA /* SinglePlayerTimeTrialViewController.m in Sources */,
				CCA90BD91ACC3AF0006E93B3 /* AppDelegate.m in Sources */,
				CCA90BDC1ACC3AF0006E93B3 /* TheWordGame.xcdatamodeld in Sources */,
				CC77B23F1AD077F800BABE6B /* SinglePlayerFreePlayViewController.m in Sources */,
				BA56B8AE1AD0FBCF0023F1C5 /* UITestViewController.m in Sources */,
				BAA58CA21AD2EB8F00C8A2AA /* LandingPageViewController.m in Sources */,
				CCA90BD61ACC3AF0006E93B3 /* main.m in Sources */,
			);
			runOnlyForDeploymentPostprocessing = 0;
		};
		CCA90BE81ACC3AF0006E93B3 /* Sources */ = {
			isa = PBXSourcesBuildPhase;
			buildActionMask = 2147483647;
			files = (
				CCA90BF31ACC3AF0006E93B3 /* TheWordGameTests.m in Sources */,
			);
			runOnlyForDeploymentPostprocessing = 0;
		};
/* End PBXSourcesBuildPhase section */

/* Begin PBXTargetDependency section */
		CCA90BEE1ACC3AF0006E93B3 /* PBXTargetDependency */ = {
			isa = PBXTargetDependency;
			target = CCA90BCF1ACC3AF0006E93B3 /* TheWordGame */;
			targetProxy = CCA90BED1ACC3AF0006E93B3 /* PBXContainerItemProxy */;
		};
/* End PBXTargetDependency section */

/* Begin PBXVariantGroup section */
		CCA90BE01ACC3AF0006E93B3 /* Main.storyboard */ = {
			isa = PBXVariantGroup;
			children = (
				CCA90BE11ACC3AF0006E93B3 /* Base */,
			);
			name = Main.storyboard;
			sourceTree = "<group>";
		};
/* End PBXVariantGroup section */

/* Begin XCBuildConfiguration section */
		CCA90BF41ACC3AF0006E93B3 /* Debug */ = {
			isa = XCBuildConfiguration;
			buildSettings = {
				ALWAYS_SEARCH_USER_PATHS = NO;
				CLANG_CXX_LANGUAGE_STANDARD = "gnu++0x";
				CLANG_CXX_LIBRARY = "libc++";
				CLANG_ENABLE_MODULES = YES;
				CLANG_ENABLE_OBJC_ARC = YES;
				CLANG_WARN_BOOL_CONVERSION = YES;
				CLANG_WARN_CONSTANT_CONVERSION = YES;
				CLANG_WARN_DIRECT_OBJC_ISA_USAGE = YES_ERROR;
				CLANG_WARN_EMPTY_BODY = YES;
				CLANG_WARN_ENUM_CONVERSION = YES;
				CLANG_WARN_INT_CONVERSION = YES;
				CLANG_WARN_OBJC_ROOT_CLASS = YES_ERROR;
				CLANG_WARN_UNREACHABLE_CODE = YES;
				CLANG_WARN__DUPLICATE_METHOD_MATCH = YES;
				CODE_SIGN_IDENTITY = "-";
				"CODE_SIGN_IDENTITY[sdk=iphoneos*]" = "-";
				COPY_PHASE_STRIP = NO;
				ENABLE_STRICT_OBJC_MSGSEND = YES;
				GCC_C_LANGUAGE_STANDARD = gnu99;
				GCC_DYNAMIC_NO_PIC = NO;
				GCC_OPTIMIZATION_LEVEL = 0;
				GCC_PREPROCESSOR_DEFINITIONS = (
					"DEBUG=1",
					"$(inherited)",
				);
				GCC_SYMBOLS_PRIVATE_EXTERN = NO;
				GCC_WARN_64_TO_32_BIT_CONVERSION = YES;
				GCC_WARN_ABOUT_RETURN_TYPE = YES_ERROR;
				GCC_WARN_UNDECLARED_SELECTOR = YES;
				GCC_WARN_UNINITIALIZED_AUTOS = YES_AGGRESSIVE;
				GCC_WARN_UNUSED_FUNCTION = YES;
				GCC_WARN_UNUSED_VARIABLE = YES;
				IPHONEOS_DEPLOYMENT_TARGET = 8.1;
				MTL_ENABLE_DEBUG_INFO = YES;
				ONLY_ACTIVE_ARCH = YES;
				SDKROOT = iphoneos;
			};
			name = Debug;
		};
		CCA90BF51ACC3AF0006E93B3 /* Release */ = {
			isa = XCBuildConfiguration;
			buildSettings = {
				ALWAYS_SEARCH_USER_PATHS = NO;
				CLANG_CXX_LANGUAGE_STANDARD = "gnu++0x";
				CLANG_CXX_LIBRARY = "libc++";
				CLANG_ENABLE_MODULES = YES;
				CLANG_ENABLE_OBJC_ARC = YES;
				CLANG_WARN_BOOL_CONVERSION = YES;
				CLANG_WARN_CONSTANT_CONVERSION = YES;
				CLANG_WARN_DIRECT_OBJC_ISA_USAGE = YES_ERROR;
				CLANG_WARN_EMPTY_BODY = YES;
				CLANG_WARN_ENUM_CONVERSION = YES;
				CLANG_WARN_INT_CONVERSION = YES;
				CLANG_WARN_OBJC_ROOT_CLASS = YES_ERROR;
				CLANG_WARN_UNREACHABLE_CODE = YES;
				CLANG_WARN__DUPLICATE_METHOD_MATCH = YES;
				CODE_SIGN_IDENTITY = "-";
				"CODE_SIGN_IDENTITY[sdk=iphoneos*]" = "-";
				COPY_PHASE_STRIP = NO;
				ENABLE_NS_ASSERTIONS = NO;
				ENABLE_STRICT_OBJC_MSGSEND = YES;
				GCC_C_LANGUAGE_STANDARD = gnu99;
				GCC_WARN_64_TO_32_BIT_CONVERSION = YES;
				GCC_WARN_ABOUT_RETURN_TYPE = YES_ERROR;
				GCC_WARN_UNDECLARED_SELECTOR = YES;
				GCC_WARN_UNINITIALIZED_AUTOS = YES_AGGRESSIVE;
				GCC_WARN_UNUSED_FUNCTION = YES;
				GCC_WARN_UNUSED_VARIABLE = YES;
				IPHONEOS_DEPLOYMENT_TARGET = 8.1;
				MTL_ENABLE_DEBUG_INFO = NO;
				ONLY_ACTIVE_ARCH = YES;
				SDKROOT = iphoneos;
				VALIDATE_PRODUCT = YES;
			};
			name = Release;
		};
		CCA90BF71ACC3AF0006E93B3 /* Debug */ = {
			isa = XCBuildConfiguration;
			buildSettings = {
				ASSETCATALOG_COMPILER_APPICON_NAME = AppIcon;
				ASSETCATALOG_COMPILER_LAUNCHIMAGE_NAME = LaunchImage;
				CLANG_ENABLE_MODULES = YES;
				CODE_SIGN_IDENTITY = "iPhone Developer";
				"CODE_SIGN_IDENTITY[sdk=iphoneos*]" = "-";
				INFOPLIST_FILE = TheWordGame/Info.plist;
				IPHONEOS_DEPLOYMENT_TARGET = 8.1;
				LD_RUNPATH_SEARCH_PATHS = "$(inherited) @executable_path/Frameworks";
				PRODUCT_NAME = "$(TARGET_NAME)";
				SWIFT_OBJC_BRIDGING_HEADER = "TheWordGame/TheWordGame-Bridging-Header.h";
				SWIFT_OPTIMIZATION_LEVEL = "-Onone";
			};
			name = Debug;
		};
		CCA90BF81ACC3AF0006E93B3 /* Release */ = {
			isa = XCBuildConfiguration;
			buildSettings = {
				ASSETCATALOG_COMPILER_APPICON_NAME = AppIcon;
				ASSETCATALOG_COMPILER_LAUNCHIMAGE_NAME = LaunchImage;
				CLANG_ENABLE_MODULES = YES;
				CODE_SIGN_IDENTITY = "iPhone Developer";
				INFOPLIST_FILE = TheWordGame/Info.plist;
				IPHONEOS_DEPLOYMENT_TARGET = 8.1;
				LD_RUNPATH_SEARCH_PATHS = "$(inherited) @executable_path/Frameworks";
				PRODUCT_NAME = "$(TARGET_NAME)";
				SWIFT_OBJC_BRIDGING_HEADER = "TheWordGame/TheWordGame-Bridging-Header.h";
			};
			name = Release;
		};
		CCA90BFA1ACC3AF0006E93B3 /* Debug */ = {
			isa = XCBuildConfiguration;
			buildSettings = {
				BUNDLE_LOADER = "$(TEST_HOST)";
				FRAMEWORK_SEARCH_PATHS = (
					"$(SDKROOT)/Developer/Library/Frameworks",
					"$(inherited)",
				);
				GCC_PREPROCESSOR_DEFINITIONS = (
					"DEBUG=1",
					"$(inherited)",
				);
				INFOPLIST_FILE = TheWordGameTests/Info.plist;
				LD_RUNPATH_SEARCH_PATHS = "$(inherited) @executable_path/Frameworks @loader_path/Frameworks";
				PRODUCT_NAME = "$(TARGET_NAME)";
				TEST_HOST = "$(BUILT_PRODUCTS_DIR)/TheWordGame.app/TheWordGame";
			};
			name = Debug;
		};
		CCA90BFB1ACC3AF0006E93B3 /* Release */ = {
			isa = XCBuildConfiguration;
			buildSettings = {
				BUNDLE_LOADER = "$(TEST_HOST)";
				FRAMEWORK_SEARCH_PATHS = (
					"$(SDKROOT)/Developer/Library/Frameworks",
					"$(inherited)",
				);
				INFOPLIST_FILE = TheWordGameTests/Info.plist;
				LD_RUNPATH_SEARCH_PATHS = "$(inherited) @executable_path/Frameworks @loader_path/Frameworks";
				PRODUCT_NAME = "$(TARGET_NAME)";
				TEST_HOST = "$(BUILT_PRODUCTS_DIR)/TheWordGame.app/TheWordGame";
			};
			name = Release;
		};
/* End XCBuildConfiguration section */

/* Begin XCConfigurationList section */
		CCA90BCB1ACC3AF0006E93B3 /* Build configuration list for PBXProject "TheWordGame" */ = {
			isa = XCConfigurationList;
			buildConfigurations = (
				CCA90BF41ACC3AF0006E93B3 /* Debug */,
				CCA90BF51ACC3AF0006E93B3 /* Release */,
			);
			defaultConfigurationIsVisible = 0;
			defaultConfigurationName = Release;
		};
		CCA90BF61ACC3AF0006E93B3 /* Build configuration list for PBXNativeTarget "TheWordGame" */ = {
			isa = XCConfigurationList;
			buildConfigurations = (
				CCA90BF71ACC3AF0006E93B3 /* Debug */,
				CCA90BF81ACC3AF0006E93B3 /* Release */,
			);
			defaultConfigurationIsVisible = 0;
			defaultConfigurationName = Release;
		};
		CCA90BF91ACC3AF0006E93B3 /* Build configuration list for PBXNativeTarget "TheWordGameTests" */ = {
			isa = XCConfigurationList;
			buildConfigurations = (
				CCA90BFA1ACC3AF0006E93B3 /* Debug */,
				CCA90BFB1ACC3AF0006E93B3 /* Release */,
			);
			defaultConfigurationIsVisible = 0;
			defaultConfigurationName = Release;
		};
/* End XCConfigurationList section */

/* Begin XCVersionGroup section */
		CCA90BDA1ACC3AF0006E93B3 /* TheWordGame.xcdatamodeld */ = {
			isa = XCVersionGroup;
			children = (
				CCA90BDB1ACC3AF0006E93B3 /* TheWordGame.xcdatamodel */,
			);
			currentVersion = CCA90BDB1ACC3AF0006E93B3 /* TheWordGame.xcdatamodel */;
			path = TheWordGame.xcdatamodeld;
			sourceTree = "<group>";
			versionGroupType = wrapper.xcdatamodel;
		};
/* End XCVersionGroup section */
	};
	rootObject = CCA90BC81ACC3AF0006E93B3 /* Project object */;
}
